// !$*UTF8*$!
{
	archiveVersion = 1;
	classes = {
	};
	objectVersion = 48;
	objects = {

/* Begin PBXBuildFile section */
		DE3EF9431FFA4766002D4094 /* ChatItemsDemoDecorator.swift in Sources */ = {isa = PBXBuildFile; fileRef = DE3EF9421FFA4766002D4094 /* ChatItemsDemoDecorator.swift */; };
		DE3EF9541FFA4822002D4094 /* SlidingDatasSource.swift in Sources */ = {isa = PBXBuildFile; fileRef = DE3EF9441FFA4822002D4094 /* SlidingDatasSource.swift */; };
		DE3EF9551FFA4822002D4094 /* DemoTextMessageModel.swift in Sources */ = {isa = PBXBuildFile; fileRef = DE3EF9461FFA4822002D4094 /* DemoTextMessageModel.swift */; };
		DE3EF9561FFA4822002D4094 /* DemoTextMessageHandler.swift in Sources */ = {isa = PBXBuildFile; fileRef = DE3EF9471FFA4822002D4094 /* DemoTextMessageHandler.swift */; };
		DE3EF9571FFA4822002D4094 /* DemoTextMessageViewModel.swift in Sources */ = {isa = PBXBuildFile; fileRef = DE3EF9481FFA4822002D4094 /* DemoTextMessageViewModel.swift */; };
		DE3EF9581FFA4822002D4094 /* FakeMessageFactory.swift in Sources */ = {isa = PBXBuildFile; fileRef = DE3EF9491FFA4822002D4094 /* FakeMessageFactory.swift */; };
		DE3EF9591FFA4822002D4094 /* BaseMessageCollectionViewCellAvatarStyle.swift in Sources */ = {isa = PBXBuildFile; fileRef = DE3EF94A1FFA4822002D4094 /* BaseMessageCollectionViewCellAvatarStyle.swift */; };
		DE3EF95A1FFA4822002D4094 /* BaseMessageHandler.swift in Sources */ = {isa = PBXBuildFile; fileRef = DE3EF94B1FFA4822002D4094 /* BaseMessageHandler.swift */; };
		DE3EF95B1FFA4822002D4094 /* TimeSeparatorModel.swift in Sources */ = {isa = PBXBuildFile; fileRef = DE3EF94D1FFA4822002D4094 /* TimeSeparatorModel.swift */; };
		DE3EF95C1FFA4822002D4094 /* TimeSeparatorPresenter.swift in Sources */ = {isa = PBXBuildFile; fileRef = DE3EF94E1FFA4822002D4094 /* TimeSeparatorPresenter.swift */; };
		DE3EF95D1FFA4822002D4094 /* TimeSeparatorCollectionViewCell.swift in Sources */ = {isa = PBXBuildFile; fileRef = DE3EF94F1FFA4822002D4094 /* TimeSeparatorCollectionViewCell.swift */; };
		DE3EF95E1FFA4822002D4094 /* SendingStatusPresenter.swift in Sources */ = {isa = PBXBuildFile; fileRef = DE3EF9511FFA4822002D4094 /* SendingStatusPresenter.swift */; };
		DE3EF95F1FFA4822002D4094 /* SendingStatusCollectionViewCell.swift in Sources */ = {isa = PBXBuildFile; fileRef = DE3EF9521FFA4822002D4094 /* SendingStatusCollectionViewCell.swift */; };
		DE3EF9601FFA4822002D4094 /* SendingStatusCollectionViewCell.xib in Resources */ = {isa = PBXBuildFile; fileRef = DE3EF9531FFA4822002D4094 /* SendingStatusCollectionViewCell.xib */; };
		DE87BCB31FEEDBB7005670A9 /* ChatsCellViewModel.swift in Sources */ = {isa = PBXBuildFile; fileRef = DE87BCB21FEEDBB7005670A9 /* ChatsCellViewModel.swift */; };
		DE87BCB81FEFE48B005670A9 /* AddChatViewController.swift in Sources */ = {isa = PBXBuildFile; fileRef = DE87BCB71FEFE48B005670A9 /* AddChatViewController.swift */; };
		DE87BCBC1FEFE4CC005670A9 /* AddChatViewModel.swift in Sources */ = {isa = PBXBuildFile; fileRef = DE87BCBB1FEFE4CC005670A9 /* AddChatViewModel.swift */; };
		DE87BCBE1FF00F3C005670A9 /* AddChatCellViewModel.swift in Sources */ = {isa = PBXBuildFile; fileRef = DE87BCBD1FF00F3C005670A9 /* AddChatCellViewModel.swift */; };
		DE87BCC01FF010B5005670A9 /* Models.swift in Sources */ = {isa = PBXBuildFile; fileRef = DE87BCBF1FF010B5005670A9 /* Models.swift */; };
		DEA016EF1FF546B5001CD074 /* ChatViewController.swift in Sources */ = {isa = PBXBuildFile; fileRef = DEA016EE1FF546B5001CD074 /* ChatViewController.swift */; };
		DEA016F11FF546C3001CD074 /* ChatViewModel.swift in Sources */ = {isa = PBXBuildFile; fileRef = DEA016F01FF546C3001CD074 /* ChatViewModel.swift */; };
		DEE87FD31FED0E550058D9F0 /* ChatsViewController.swift in Sources */ = {isa = PBXBuildFile; fileRef = DEE87FCA1FED0E550058D9F0 /* ChatsViewController.swift */; };
		DEE87FD41FED0E550058D9F0 /* ChatsViewModel.swift in Sources */ = {isa = PBXBuildFile; fileRef = DEE87FCB1FED0E550058D9F0 /* ChatsViewModel.swift */; };
		DEE87FD51FED0E550058D9F0 /* ChatsCoordinator.swift in Sources */ = {isa = PBXBuildFile; fileRef = DEE87FCC1FED0E550058D9F0 /* ChatsCoordinator.swift */; };
		DEE87FD61FED0E550058D9F0 /* AppCoordinator.swift in Sources */ = {isa = PBXBuildFile; fileRef = DEE87FCE1FED0E550058D9F0 /* AppCoordinator.swift */; };
		DEE87FD71FED0E550058D9F0 /* NetworkController.swift in Sources */ = {isa = PBXBuildFile; fileRef = DEE87FCF1FED0E550058D9F0 /* NetworkController.swift */; };
		DEE87FD81FED0E550058D9F0 /* AppController.swift in Sources */ = {isa = PBXBuildFile; fileRef = DEE87FD01FED0E550058D9F0 /* AppController.swift */; };
		DEE87FD91FED0E550058D9F0 /* AppDelegate.swift in Sources */ = {isa = PBXBuildFile; fileRef = DEE87FD11FED0E550058D9F0 /* AppDelegate.swift */; };
		DEE87FDA1FED0E550058D9F0 /* Coordinator.swift in Sources */ = {isa = PBXBuildFile; fileRef = DEE87FD21FED0E550058D9F0 /* Coordinator.swift */; };
		DEE87FE31FED0E6C0058D9F0 /* Assets.xcassets in Resources */ = {isa = PBXBuildFile; fileRef = DEE87FDC1FED0E6C0058D9F0 /* Assets.xcassets */; };
		DEE87FE41FED0E6C0058D9F0 /* GoogleService-Info.plist in Resources */ = {isa = PBXBuildFile; fileRef = DEE87FDD1FED0E6C0058D9F0 /* GoogleService-Info.plist */; };
		DEE87FE51FED0E6C0058D9F0 /* LaunchScreen.storyboard in Resources */ = {isa = PBXBuildFile; fileRef = DEE87FDE1FED0E6C0058D9F0 /* LaunchScreen.storyboard */; };
		DEE87FE61FED0E6C0058D9F0 /* Main.storyboard in Resources */ = {isa = PBXBuildFile; fileRef = DEE87FE01FED0E6C0058D9F0 /* Main.storyboard */; };
		DEE87FEC1FED0FBF0058D9F0 /* SignInViewController.swift in Sources */ = {isa = PBXBuildFile; fileRef = DEE87FEB1FED0FBF0058D9F0 /* SignInViewController.swift */; };
		DEE87FEE1FED0FD10058D9F0 /* SignInViewModel.swift in Sources */ = {isa = PBXBuildFile; fileRef = DEE87FED1FED0FD10058D9F0 /* SignInViewModel.swift */; };
		DEE87FF01FED0FFC0058D9F0 /* SignInCoordinator.swift in Sources */ = {isa = PBXBuildFile; fileRef = DEE87FEF1FED0FFC0058D9F0 /* SignInCoordinator.swift */; };
		DEE87FF51FED3ACE0058D9F0 /* SignUpViewController.swift in Sources */ = {isa = PBXBuildFile; fileRef = DEE87FF41FED3ACE0058D9F0 /* SignUpViewController.swift */; };
		DEE87FF71FED3AFD0058D9F0 /* SignUpViewModel.swift in Sources */ = {isa = PBXBuildFile; fileRef = DEE87FF61FED3AFD0058D9F0 /* SignUpViewModel.swift */; };
		E31058011A7B9465251EB95A /* Pods_Mssngr.framework in Frameworks */ = {isa = PBXBuildFile; fileRef = 0D96E1EE2E522DA3488CAF0F /* Pods_Mssngr.framework */; };
/* End PBXBuildFile section */

/* Begin PBXFileReference section */
		0D96E1EE2E522DA3488CAF0F /* Pods_Mssngr.framework */ = {isa = PBXFileReference; explicitFileType = wrapper.framework; includeInIndex = 0; path = Pods_Mssngr.framework; sourceTree = BUILT_PRODUCTS_DIR; };
		B917A6E56E01D3346BFC2A4B /* Pods-Mssngr.debug.xcconfig */ = {isa = PBXFileReference; includeInIndex = 1; lastKnownFileType = text.xcconfig; name = "Pods-Mssngr.debug.xcconfig"; path = "Pods/Target Support Files/Pods-Mssngr/Pods-Mssngr.debug.xcconfig"; sourceTree = "<group>"; };
		DE3EF9421FFA4766002D4094 /* ChatItemsDemoDecorator.swift */ = {isa = PBXFileReference; fileEncoding = 4; lastKnownFileType = sourcecode.swift; path = ChatItemsDemoDecorator.swift; sourceTree = "<group>"; };
		DE3EF9441FFA4822002D4094 /* SlidingDatasSource.swift */ = {isa = PBXFileReference; fileEncoding = 4; lastKnownFileType = sourcecode.swift; path = SlidingDatasSource.swift; sourceTree = "<group>"; };
		DE3EF9461FFA4822002D4094 /* DemoTextMessageModel.swift */ = {isa = PBXFileReference; fileEncoding = 4; lastKnownFileType = sourcecode.swift; path = DemoTextMessageModel.swift; sourceTree = "<group>"; };
		DE3EF9471FFA4822002D4094 /* DemoTextMessageHandler.swift */ = {isa = PBXFileReference; fileEncoding = 4; lastKnownFileType = sourcecode.swift; path = DemoTextMessageHandler.swift; sourceTree = "<group>"; };
		DE3EF9481FFA4822002D4094 /* DemoTextMessageViewModel.swift */ = {isa = PBXFileReference; fileEncoding = 4; lastKnownFileType = sourcecode.swift; path = DemoTextMessageViewModel.swift; sourceTree = "<group>"; };
		DE3EF9491FFA4822002D4094 /* FakeMessageFactory.swift */ = {isa = PBXFileReference; fileEncoding = 4; lastKnownFileType = sourcecode.swift; path = FakeMessageFactory.swift; sourceTree = "<group>"; };
		DE3EF94A1FFA4822002D4094 /* BaseMessageCollectionViewCellAvatarStyle.swift */ = {isa = PBXFileReference; fileEncoding = 4; lastKnownFileType = sourcecode.swift; path = BaseMessageCollectionViewCellAvatarStyle.swift; sourceTree = "<group>"; };
		DE3EF94B1FFA4822002D4094 /* BaseMessageHandler.swift */ = {isa = PBXFileReference; fileEncoding = 4; lastKnownFileType = sourcecode.swift; path = BaseMessageHandler.swift; sourceTree = "<group>"; };
		DE3EF94D1FFA4822002D4094 /* TimeSeparatorModel.swift */ = {isa = PBXFileReference; fileEncoding = 4; lastKnownFileType = sourcecode.swift; path = TimeSeparatorModel.swift; sourceTree = "<group>"; };
		DE3EF94E1FFA4822002D4094 /* TimeSeparatorPresenter.swift */ = {isa = PBXFileReference; fileEncoding = 4; lastKnownFileType = sourcecode.swift; path = TimeSeparatorPresenter.swift; sourceTree = "<group>"; };
		DE3EF94F1FFA4822002D4094 /* TimeSeparatorCollectionViewCell.swift */ = {isa = PBXFileReference; fileEncoding = 4; lastKnownFileType = sourcecode.swift; path = TimeSeparatorCollectionViewCell.swift; sourceTree = "<group>"; };
		DE3EF9511FFA4822002D4094 /* SendingStatusPresenter.swift */ = {isa = PBXFileReference; fileEncoding = 4; lastKnownFileType = sourcecode.swift; path = SendingStatusPresenter.swift; sourceTree = "<group>"; };
		DE3EF9521FFA4822002D4094 /* SendingStatusCollectionViewCell.swift */ = {isa = PBXFileReference; fileEncoding = 4; lastKnownFileType = sourcecode.swift; path = SendingStatusCollectionViewCell.swift; sourceTree = "<group>"; };
		DE3EF9531FFA4822002D4094 /* SendingStatusCollectionViewCell.xib */ = {isa = PBXFileReference; fileEncoding = 4; lastKnownFileType = file.xib; path = SendingStatusCollectionViewCell.xib; sourceTree = "<group>"; };
		DE87BCB21FEEDBB7005670A9 /* ChatsCellViewModel.swift */ = {isa = PBXFileReference; fileEncoding = 4; lastKnownFileType = sourcecode.swift; path = ChatsCellViewModel.swift; sourceTree = "<group>"; };
		DE87BCB71FEFE48B005670A9 /* AddChatViewController.swift */ = {isa = PBXFileReference; fileEncoding = 4; lastKnownFileType = sourcecode.swift; path = AddChatViewController.swift; sourceTree = "<group>"; };
		DE87BCBB1FEFE4CC005670A9 /* AddChatViewModel.swift */ = {isa = PBXFileReference; lastKnownFileType = sourcecode.swift; path = AddChatViewModel.swift; sourceTree = "<group>"; };
		DE87BCBD1FF00F3C005670A9 /* AddChatCellViewModel.swift */ = {isa = PBXFileReference; lastKnownFileType = sourcecode.swift; path = AddChatCellViewModel.swift; sourceTree = "<group>"; };
		DE87BCBF1FF010B5005670A9 /* Models.swift */ = {isa = PBXFileReference; lastKnownFileType = sourcecode.swift; path = Models.swift; sourceTree = "<group>"; };
		DEA016EE1FF546B5001CD074 /* ChatViewController.swift */ = {isa = PBXFileReference; fileEncoding = 4; lastKnownFileType = sourcecode.swift; path = ChatViewController.swift; sourceTree = "<group>"; };
		DEA016F01FF546C3001CD074 /* ChatViewModel.swift */ = {isa = PBXFileReference; lastKnownFileType = sourcecode.swift; path = ChatViewModel.swift; sourceTree = "<group>"; };
		DEC8C56D1FD5A00B00717919 /* Mssngr.app */ = {isa = PBXFileReference; explicitFileType = wrapper.application; includeInIndex = 0; path = Mssngr.app; sourceTree = BUILT_PRODUCTS_DIR; };
		DEE87FCA1FED0E550058D9F0 /* ChatsViewController.swift */ = {isa = PBXFileReference; fileEncoding = 4; lastKnownFileType = sourcecode.swift; path = ChatsViewController.swift; sourceTree = "<group>"; };
		DEE87FCB1FED0E550058D9F0 /* ChatsViewModel.swift */ = {isa = PBXFileReference; fileEncoding = 4; lastKnownFileType = sourcecode.swift; path = ChatsViewModel.swift; sourceTree = "<group>"; };
		DEE87FCC1FED0E550058D9F0 /* ChatsCoordinator.swift */ = {isa = PBXFileReference; fileEncoding = 4; lastKnownFileType = sourcecode.swift; path = ChatsCoordinator.swift; sourceTree = "<group>"; };
		DEE87FCE1FED0E550058D9F0 /* AppCoordinator.swift */ = {isa = PBXFileReference; fileEncoding = 4; lastKnownFileType = sourcecode.swift; path = AppCoordinator.swift; sourceTree = "<group>"; };
		DEE87FCF1FED0E550058D9F0 /* NetworkController.swift */ = {isa = PBXFileReference; fileEncoding = 4; lastKnownFileType = sourcecode.swift; path = NetworkController.swift; sourceTree = "<group>"; };
		DEE87FD01FED0E550058D9F0 /* AppController.swift */ = {isa = PBXFileReference; fileEncoding = 4; lastKnownFileType = sourcecode.swift; path = AppController.swift; sourceTree = "<group>"; };
		DEE87FD11FED0E550058D9F0 /* AppDelegate.swift */ = {isa = PBXFileReference; fileEncoding = 4; lastKnownFileType = sourcecode.swift; path = AppDelegate.swift; sourceTree = "<group>"; };
		DEE87FD21FED0E550058D9F0 /* Coordinator.swift */ = {isa = PBXFileReference; fileEncoding = 4; lastKnownFileType = sourcecode.swift; path = Coordinator.swift; sourceTree = "<group>"; };
		DEE87FDC1FED0E6C0058D9F0 /* Assets.xcassets */ = {isa = PBXFileReference; lastKnownFileType = folder.assetcatalog; path = Assets.xcassets; sourceTree = "<group>"; };
		DEE87FDD1FED0E6C0058D9F0 /* GoogleService-Info.plist */ = {isa = PBXFileReference; fileEncoding = 4; lastKnownFileType = text.plist.xml; path = "GoogleService-Info.plist"; sourceTree = "<group>"; };
		DEE87FDF1FED0E6C0058D9F0 /* Base */ = {isa = PBXFileReference; lastKnownFileType = file.storyboard; name = Base; path = Base.lproj/LaunchScreen.storyboard; sourceTree = "<group>"; };
		DEE87FE11FED0E6C0058D9F0 /* Base */ = {isa = PBXFileReference; lastKnownFileType = file.storyboard; name = Base; path = Base.lproj/Main.storyboard; sourceTree = "<group>"; };
		DEE87FE21FED0E6C0058D9F0 /* Info.plist */ = {isa = PBXFileReference; fileEncoding = 4; lastKnownFileType = text.plist.xml; path = Info.plist; sourceTree = "<group>"; };
		DEE87FEB1FED0FBF0058D9F0 /* SignInViewController.swift */ = {isa = PBXFileReference; fileEncoding = 4; lastKnownFileType = sourcecode.swift; path = SignInViewController.swift; sourceTree = "<group>"; };
		DEE87FED1FED0FD10058D9F0 /* SignInViewModel.swift */ = {isa = PBXFileReference; lastKnownFileType = sourcecode.swift; path = SignInViewModel.swift; sourceTree = "<group>"; };
		DEE87FEF1FED0FFC0058D9F0 /* SignInCoordinator.swift */ = {isa = PBXFileReference; lastKnownFileType = sourcecode.swift; path = SignInCoordinator.swift; sourceTree = "<group>"; };
		DEE87FF41FED3ACE0058D9F0 /* SignUpViewController.swift */ = {isa = PBXFileReference; fileEncoding = 4; lastKnownFileType = sourcecode.swift; path = SignUpViewController.swift; sourceTree = "<group>"; };
		DEE87FF61FED3AFD0058D9F0 /* SignUpViewModel.swift */ = {isa = PBXFileReference; lastKnownFileType = sourcecode.swift; path = SignUpViewModel.swift; sourceTree = "<group>"; };
		F6771E0150743FAFF9C91185 /* Pods-Mssngr.release.xcconfig */ = {isa = PBXFileReference; includeInIndex = 1; lastKnownFileType = text.xcconfig; name = "Pods-Mssngr.release.xcconfig"; path = "Pods/Target Support Files/Pods-Mssngr/Pods-Mssngr.release.xcconfig"; sourceTree = "<group>"; };
/* End PBXFileReference section */

/* Begin PBXFrameworksBuildPhase section */
		DEC8C56A1FD5A00B00717919 /* Frameworks */ = {
			isa = PBXFrameworksBuildPhase;
			buildActionMask = 2147483647;
			files = (
				E31058011A7B9465251EB95A /* Pods_Mssngr.framework in Frameworks */,
			);
			runOnlyForDeploymentPostprocessing = 0;
		};
/* End PBXFrameworksBuildPhase section */

/* Begin PBXGroup section */
		2808D9565EA86D76344D366F /* Frameworks */ = {
			isa = PBXGroup;
			children = (
				0D96E1EE2E522DA3488CAF0F /* Pods_Mssngr.framework */,
			);
			name = Frameworks;
			sourceTree = "<group>";
		};
		CDA693655B5CEA3DE9F5846F /* Pods */ = {
			isa = PBXGroup;
			children = (
				B917A6E56E01D3346BFC2A4B /* Pods-Mssngr.debug.xcconfig */,
				F6771E0150743FAFF9C91185 /* Pods-Mssngr.release.xcconfig */,
			);
			name = Pods;
			sourceTree = "<group>";
		};
		DE3EF9411FFA4766002D4094 /* ChatInterface */ = {
			isa = PBXGroup;
			children = (
				DE3EF94A1FFA4822002D4094 /* BaseMessageCollectionViewCellAvatarStyle.swift */,
				DE3EF94B1FFA4822002D4094 /* BaseMessageHandler.swift */,
				DE3EF9491FFA4822002D4094 /* FakeMessageFactory.swift */,
				DE3EF9501FFA4822002D4094 /* Sending status */,
				DE3EF9441FFA4822002D4094 /* SlidingDatasSource.swift */,
				DE3EF9451FFA4822002D4094 /* Text Messages */,
				DE3EF94C1FFA4822002D4094 /* Time Separator */,
				DE3EF9421FFA4766002D4094 /* ChatItemsDemoDecorator.swift */,
			);
			path = ChatInterface;
			sourceTree = "<group>";
		};
		DE3EF9451FFA4822002D4094 /* Text Messages */ = {
			isa = PBXGroup;
			children = (
				DE3EF9461FFA4822002D4094 /* DemoTextMessageModel.swift */,
				DE3EF9471FFA4822002D4094 /* DemoTextMessageHandler.swift */,
				DE3EF9481FFA4822002D4094 /* DemoTextMessageViewModel.swift */,
			);
			path = "Text Messages";
			sourceTree = "<group>";
		};
		DE3EF94C1FFA4822002D4094 /* Time Separator */ = {
			isa = PBXGroup;
			children = (
				DE3EF94D1FFA4822002D4094 /* TimeSeparatorModel.swift */,
				DE3EF94E1FFA4822002D4094 /* TimeSeparatorPresenter.swift */,
				DE3EF94F1FFA4822002D4094 /* TimeSeparatorCollectionViewCell.swift */,
			);
			path = "Time Separator";
			sourceTree = "<group>";
		};
		DE3EF9501FFA4822002D4094 /* Sending status */ = {
			isa = PBXGroup;
			children = (
				DE3EF9511FFA4822002D4094 /* SendingStatusPresenter.swift */,
				DE3EF9521FFA4822002D4094 /* SendingStatusCollectionViewCell.swift */,
				DE3EF9531FFA4822002D4094 /* SendingStatusCollectionViewCell.xib */,
			);
			path = "Sending status";
			sourceTree = "<group>";
		};
		DE87BCB61FEFE48B005670A9 /* AddChat */ = {
			isa = PBXGroup;
			children = (
				DE87BCB71FEFE48B005670A9 /* AddChatViewController.swift */,
				DE87BCBB1FEFE4CC005670A9 /* AddChatViewModel.swift */,
				DE87BCBD1FF00F3C005670A9 /* AddChatCellViewModel.swift */,
			);
			path = AddChat;
			sourceTree = "<group>";
		};
		DEA016ED1FF546B5001CD074 /* Chat */ = {
			isa = PBXGroup;
			children = (
				DE3EF9411FFA4766002D4094 /* ChatInterface */,
				DEA016EE1FF546B5001CD074 /* ChatViewController.swift */,
				DEA016F01FF546C3001CD074 /* ChatViewModel.swift */,
			);
			path = Chat;
			sourceTree = "<group>";
		};
		DEC8C5641FD5A00B00717919 = {
			isa = PBXGroup;
			children = (
				DEE87FC81FED0E550058D9F0 /* Code */,
				DEE87FDB1FED0E6C0058D9F0 /* Resources */,
				DEC8C56E1FD5A00B00717919 /* Products */,
				CDA693655B5CEA3DE9F5846F /* Pods */,
				2808D9565EA86D76344D366F /* Frameworks */,
			);
			sourceTree = "<group>";
		};
		DEC8C56E1FD5A00B00717919 /* Products */ = {
			isa = PBXGroup;
			children = (
				DEC8C56D1FD5A00B00717919 /* Mssngr.app */,
			);
			name = Products;
			sourceTree = "<group>";
		};
		DEE87FC81FED0E550058D9F0 /* Code */ = {
			isa = PBXGroup;
			children = (
				DEA016ED1FF546B5001CD074 /* Chat */,
				DE87BCB61FEFE48B005670A9 /* AddChat */,
				DEE87FF31FED3ACE0058D9F0 /* SignUp */,
				DEE87FEA1FED0FBF0058D9F0 /* SignIn */,
				DEE87FC91FED0E550058D9F0 /* Chats */,
				DEE87FCD1FED0E550058D9F0 /* Main */,
			);
			path = Code;
			sourceTree = "<group>";
		};
		DEE87FC91FED0E550058D9F0 /* Chats */ = {
			isa = PBXGroup;
			children = (
				DE87BCB21FEEDBB7005670A9 /* ChatsCellViewModel.swift */,
				DEE87FCA1FED0E550058D9F0 /* ChatsViewController.swift */,
				DEE87FCB1FED0E550058D9F0 /* ChatsViewModel.swift */,
				DEE87FCC1FED0E550058D9F0 /* ChatsCoordinator.swift */,
			);
			path = Chats;
			sourceTree = "<group>";
		};
		DEE87FCD1FED0E550058D9F0 /* Main */ = {
			isa = PBXGroup;
			children = (
				DEE87FCE1FED0E550058D9F0 /* AppCoordinator.swift */,
				DEE87FCF1FED0E550058D9F0 /* NetworkController.swift */,
				DEE87FD01FED0E550058D9F0 /* AppController.swift */,
				DEE87FD11FED0E550058D9F0 /* AppDelegate.swift */,
				DEE87FD21FED0E550058D9F0 /* Coordinator.swift */,
				DE87BCBF1FF010B5005670A9 /* Models.swift */,
			);
			path = Main;
			sourceTree = "<group>";
		};
		DEE87FDB1FED0E6C0058D9F0 /* Resources */ = {
			isa = PBXGroup;
			children = (
				DEE87FDC1FED0E6C0058D9F0 /* Assets.xcassets */,
				DEE87FDD1FED0E6C0058D9F0 /* GoogleService-Info.plist */,
				DEE87FDE1FED0E6C0058D9F0 /* LaunchScreen.storyboard */,
				DEE87FE01FED0E6C0058D9F0 /* Main.storyboard */,
				DEE87FE21FED0E6C0058D9F0 /* Info.plist */,
			);
			path = Resources;
			sourceTree = "<group>";
		};
		DEE87FEA1FED0FBF0058D9F0 /* SignIn */ = {
			isa = PBXGroup;
			children = (
				DEE87FEB1FED0FBF0058D9F0 /* SignInViewController.swift */,
				DEE87FED1FED0FD10058D9F0 /* SignInViewModel.swift */,
				DEE87FEF1FED0FFC0058D9F0 /* SignInCoordinator.swift */,
			);
			path = SignIn;
			sourceTree = "<group>";
		};
		DEE87FF31FED3ACE0058D9F0 /* SignUp */ = {
			isa = PBXGroup;
			children = (
				DEE87FF41FED3ACE0058D9F0 /* SignUpViewController.swift */,
				DEE87FF61FED3AFD0058D9F0 /* SignUpViewModel.swift */,
			);
			path = SignUp;
			sourceTree = "<group>";
		};
/* End PBXGroup section */

/* Begin PBXNativeTarget section */
		DEC8C56C1FD5A00B00717919 /* Mssngr */ = {
			isa = PBXNativeTarget;
			buildConfigurationList = DEC8C57F1FD5A00B00717919 /* Build configuration list for PBXNativeTarget "Mssngr" */;
			buildPhases = (
				53C07D2535A24EC119DAF3F1 /* [CP] Check Pods Manifest.lock */,
				DEC8C5691FD5A00B00717919 /* Sources */,
				DEC8C56A1FD5A00B00717919 /* Frameworks */,
				DEC8C56B1FD5A00B00717919 /* Resources */,
				554909D1C834262C43E49928 /* [CP] Embed Pods Frameworks */,
				4E48E0C0C4B19ED5560351C4 /* [CP] Copy Pods Resources */,
			);
			buildRules = (
			);
			dependencies = (
			);
			name = Mssngr;
			productName = Mssngr;
			productReference = DEC8C56D1FD5A00B00717919 /* Mssngr.app */;
			productType = "com.apple.product-type.application";
		};
/* End PBXNativeTarget section */

/* Begin PBXProject section */
		DEC8C5651FD5A00B00717919 /* Project object */ = {
			isa = PBXProject;
			attributes = {
				LastSwiftUpdateCheck = 0910;
				LastUpgradeCheck = 0910;
				ORGANIZATIONNAME = "Slava Bulgakov";
				TargetAttributes = {
					DEC8C56C1FD5A00B00717919 = {
						CreatedOnToolsVersion = 9.1;
						ProvisioningStyle = Automatic;
					};
				};
			};
			buildConfigurationList = DEC8C5681FD5A00B00717919 /* Build configuration list for PBXProject "Mssngr" */;
			compatibilityVersion = "Xcode 8.0";
			developmentRegion = en;
			hasScannedForEncodings = 0;
			knownRegions = (
				en,
				Base,
			);
			mainGroup = DEC8C5641FD5A00B00717919;
			productRefGroup = DEC8C56E1FD5A00B00717919 /* Products */;
			projectDirPath = "";
			projectRoot = "";
			targets = (
				DEC8C56C1FD5A00B00717919 /* Mssngr */,
			);
		};
/* End PBXProject section */

/* Begin PBXResourcesBuildPhase section */
		DEC8C56B1FD5A00B00717919 /* Resources */ = {
			isa = PBXResourcesBuildPhase;
			buildActionMask = 2147483647;
			files = (
				DEE87FE51FED0E6C0058D9F0 /* LaunchScreen.storyboard in Resources */,
				DE3EF9601FFA4822002D4094 /* SendingStatusCollectionViewCell.xib in Resources */,
				DEE87FE31FED0E6C0058D9F0 /* Assets.xcassets in Resources */,
				DEE87FE41FED0E6C0058D9F0 /* GoogleService-Info.plist in Resources */,
				DEE87FE61FED0E6C0058D9F0 /* Main.storyboard in Resources */,
			);
			runOnlyForDeploymentPostprocessing = 0;
		};
/* End PBXResourcesBuildPhase section */

/* Begin PBXShellScriptBuildPhase section */
		4E48E0C0C4B19ED5560351C4 /* [CP] Copy Pods Resources */ = {
			isa = PBXShellScriptBuildPhase;
			buildActionMask = 2147483647;
			files = (
			);
			inputPaths = (
			);
			name = "[CP] Copy Pods Resources";
			outputPaths = (
			);
			runOnlyForDeploymentPostprocessing = 0;
			shellPath = /bin/sh;
			shellScript = "\"${SRCROOT}/Pods/Target Support Files/Pods-Mssngr/Pods-Mssngr-resources.sh\"\n";
			showEnvVarsInLog = 0;
		};
		53C07D2535A24EC119DAF3F1 /* [CP] Check Pods Manifest.lock */ = {
			isa = PBXShellScriptBuildPhase;
			buildActionMask = 2147483647;
			files = (
			);
			inputPaths = (
				"${PODS_PODFILE_DIR_PATH}/Podfile.lock",
				"${PODS_ROOT}/Manifest.lock",
			);
			name = "[CP] Check Pods Manifest.lock";
			outputPaths = (
				"$(DERIVED_FILE_DIR)/Pods-Mssngr-checkManifestLockResult.txt",
			);
			runOnlyForDeploymentPostprocessing = 0;
			shellPath = /bin/sh;
			shellScript = "diff \"${PODS_PODFILE_DIR_PATH}/Podfile.lock\" \"${PODS_ROOT}/Manifest.lock\" > /dev/null\nif [ $? != 0 ] ; then\n    # print error to STDERR\n    echo \"error: The sandbox is not in sync with the Podfile.lock. Run 'pod install' or update your CocoaPods installation.\" >&2\n    exit 1\nfi\n# This output is used by Xcode 'outputs' to avoid re-running this script phase.\necho \"SUCCESS\" > \"${SCRIPT_OUTPUT_FILE_0}\"\n";
			showEnvVarsInLog = 0;
		};
		554909D1C834262C43E49928 /* [CP] Embed Pods Frameworks */ = {
			isa = PBXShellScriptBuildPhase;
			buildActionMask = 2147483647;
			files = (
			);
			inputPaths = (
				"${SRCROOT}/Pods/Target Support Files/Pods-Mssngr/Pods-Mssngr-frameworks.sh",
				"${BUILT_PRODUCTS_DIR}/Chatto/Chatto.framework",
				"${BUILT_PRODUCTS_DIR}/ChattoAdditions/ChattoAdditions.framework",
				"${BUILT_PRODUCTS_DIR}/CocoaLumberjack/CocoaLumberjack.framework",
				"${BUILT_PRODUCTS_DIR}/GTMSessionFetcher/GTMSessionFetcher.framework",
				"${BUILT_PRODUCTS_DIR}/GoogleToolboxForMac/GoogleToolboxForMac.framework",
				"${BUILT_PRODUCTS_DIR}/ObjectMapper/ObjectMapper.framework",
				"${BUILT_PRODUCTS_DIR}/ReactiveCocoa/ReactiveCocoa.framework",
				"${BUILT_PRODUCTS_DIR}/ReactiveSwift/ReactiveSwift.framework",
				"${BUILT_PRODUCTS_DIR}/Result/Result.framework",
				"${BUILT_PRODUCTS_DIR}/leveldb-library/leveldb.framework",
				"${BUILT_PRODUCTS_DIR}/nanopb/nanopb.framework",
			);
			name = "[CP] Embed Pods Frameworks";
			outputPaths = (
				"${TARGET_BUILD_DIR}/${FRAMEWORKS_FOLDER_PATH}/Chatto.framework",
				"${TARGET_BUILD_DIR}/${FRAMEWORKS_FOLDER_PATH}/ChattoAdditions.framework",
				"${TARGET_BUILD_DIR}/${FRAMEWORKS_FOLDER_PATH}/CocoaLumberjack.framework",
				"${TARGET_BUILD_DIR}/${FRAMEWORKS_FOLDER_PATH}/GTMSessionFetcher.framework",
				"${TARGET_BUILD_DIR}/${FRAMEWORKS_FOLDER_PATH}/GoogleToolboxForMac.framework",
				"${TARGET_BUILD_DIR}/${FRAMEWORKS_FOLDER_PATH}/ObjectMapper.framework",
				"${TARGET_BUILD_DIR}/${FRAMEWORKS_FOLDER_PATH}/ReactiveCocoa.framework",
				"${TARGET_BUILD_DIR}/${FRAMEWORKS_FOLDER_PATH}/ReactiveSwift.framework",
				"${TARGET_BUILD_DIR}/${FRAMEWORKS_FOLDER_PATH}/Result.framework",
				"${TARGET_BUILD_DIR}/${FRAMEWORKS_FOLDER_PATH}/leveldb.framework",
				"${TARGET_BUILD_DIR}/${FRAMEWORKS_FOLDER_PATH}/nanopb.framework",
			);
			runOnlyForDeploymentPostprocessing = 0;
			shellPath = /bin/sh;
			shellScript = "\"${SRCROOT}/Pods/Target Support Files/Pods-Mssngr/Pods-Mssngr-frameworks.sh\"\n";
			showEnvVarsInLog = 0;
		};
/* End PBXShellScriptBuildPhase section */

/* Begin PBXSourcesBuildPhase section */
		DEC8C5691FD5A00B00717919 /* Sources */ = {
			isa = PBXSourcesBuildPhase;
			buildActionMask = 2147483647;
			files = (
				DEE87FDA1FED0E550058D9F0 /* Coordinator.swift in Sources */,
				DE3EF9551FFA4822002D4094 /* DemoTextMessageModel.swift in Sources */,
				DE3EF95C1FFA4822002D4094 /* TimeSeparatorPresenter.swift in Sources */,
				DE3EF9561FFA4822002D4094 /* DemoTextMessageHandler.swift in Sources */,
				DE3EF9431FFA4766002D4094 /* ChatItemsDemoDecorator.swift in Sources */,
				DE3EF95B1FFA4822002D4094 /* TimeSeparatorModel.swift in Sources */,
				DEE87FF71FED3AFD0058D9F0 /* SignUpViewModel.swift in Sources */,
				DEA016EF1FF546B5001CD074 /* ChatViewController.swift in Sources */,
				DE3EF9591FFA4822002D4094 /* BaseMessageCollectionViewCellAvatarStyle.swift in Sources */,
				DE3EF95E1FFA4822002D4094 /* SendingStatusPresenter.swift in Sources */,
				DEE87FD71FED0E550058D9F0 /* NetworkController.swift in Sources */,
				DE3EF95F1FFA4822002D4094 /* SendingStatusCollectionViewCell.swift in Sources */,
				DE3EF9581FFA4822002D4094 /* FakeMessageFactory.swift in Sources */,
				DE3EF95D1FFA4822002D4094 /* TimeSeparatorCollectionViewCell.swift in Sources */,
				DEE87FD61FED0E550058D9F0 /* AppCoordinator.swift in Sources */,
				DE3EF9571FFA4822002D4094 /* DemoTextMessageViewModel.swift in Sources */,
				DEE87FD51FED0E550058D9F0 /* ChatsCoordinator.swift in Sources */,
				DEE87FEE1FED0FD10058D9F0 /* SignInViewModel.swift in Sources */,
				DEE87FD41FED0E550058D9F0 /* ChatsViewModel.swift in Sources */,
				DEE87FF51FED3ACE0058D9F0 /* SignUpViewController.swift in Sources */,
				DE3EF95A1FFA4822002D4094 /* BaseMessageHandler.swift in Sources */,
				DE87BCB31FEEDBB7005670A9 /* ChatsCellViewModel.swift in Sources */,
				DE87BCBE1FF00F3C005670A9 /* AddChatCellViewModel.swift in Sources */,
				DEE87FEC1FED0FBF0058D9F0 /* SignInViewController.swift in Sources */,
				DEE87FF01FED0FFC0058D9F0 /* SignInCoordinator.swift in Sources */,
				DEE87FD91FED0E550058D9F0 /* AppDelegate.swift in Sources */,
				DEE87FD31FED0E550058D9F0 /* ChatsViewController.swift in Sources */,
				DE87BCB81FEFE48B005670A9 /* AddChatViewController.swift in Sources */,
				DE87BCBC1FEFE4CC005670A9 /* AddChatViewModel.swift in Sources */,
				DEE87FD81FED0E550058D9F0 /* AppController.swift in Sources */,
				DE3EF9541FFA4822002D4094 /* SlidingDatasSource.swift in Sources */,
				DEA016F11FF546C3001CD074 /* ChatViewModel.swift in Sources */,
				DE87BCC01FF010B5005670A9 /* Models.swift in Sources */,
			);
			runOnlyForDeploymentPostprocessing = 0;
		};
/* End PBXSourcesBuildPhase section */

/* Begin PBXVariantGroup section */
		DEE87FDE1FED0E6C0058D9F0 /* LaunchScreen.storyboard */ = {
			isa = PBXVariantGroup;
			children = (
				DEE87FDF1FED0E6C0058D9F0 /* Base */,
			);
			name = LaunchScreen.storyboard;
			sourceTree = "<group>";
		};
		DEE87FE01FED0E6C0058D9F0 /* Main.storyboard */ = {
			isa = PBXVariantGroup;
			children = (
				DEE87FE11FED0E6C0058D9F0 /* Base */,
			);
			name = Main.storyboard;
			sourceTree = "<group>";
		};
/* End PBXVariantGroup section */

/* Begin XCBuildConfiguration section */
		DEC8C57D1FD5A00B00717919 /* Debug */ = {
			isa = XCBuildConfiguration;
			buildSettings = {
				ALWAYS_SEARCH_USER_PATHS = NO;
				CLANG_ANALYZER_NONNULL = YES;
				CLANG_ANALYZER_NUMBER_OBJECT_CONVERSION = YES_AGGRESSIVE;
				CLANG_CXX_LANGUAGE_STANDARD = "gnu++14";
				CLANG_CXX_LIBRARY = "libc++";
				CLANG_ENABLE_MODULES = YES;
				CLANG_ENABLE_OBJC_ARC = YES;
				CLANG_WARN_BLOCK_CAPTURE_AUTORELEASING = YES;
				CLANG_WARN_BOOL_CONVERSION = YES;
				CLANG_WARN_COMMA = YES;
				CLANG_WARN_CONSTANT_CONVERSION = YES;
				CLANG_WARN_DIRECT_OBJC_ISA_USAGE = YES_ERROR;
				CLANG_WARN_DOCUMENTATION_COMMENTS = YES;
				CLANG_WARN_EMPTY_BODY = YES;
				CLANG_WARN_ENUM_CONVERSION = YES;
				CLANG_WARN_INFINITE_RECURSION = YES;
				CLANG_WARN_INT_CONVERSION = YES;
				CLANG_WARN_NON_LITERAL_NULL_CONVERSION = YES;
				CLANG_WARN_OBJC_LITERAL_CONVERSION = YES;
				CLANG_WARN_OBJC_ROOT_CLASS = YES_ERROR;
				CLANG_WARN_RANGE_LOOP_ANALYSIS = YES;
				CLANG_WARN_STRICT_PROTOTYPES = YES;
				CLANG_WARN_SUSPICIOUS_MOVE = YES;
				CLANG_WARN_UNGUARDED_AVAILABILITY = YES_AGGRESSIVE;
				CLANG_WARN_UNREACHABLE_CODE = YES;
				CLANG_WARN__DUPLICATE_METHOD_MATCH = YES;
				CODE_SIGN_IDENTITY = "iPhone Developer";
				COPY_PHASE_STRIP = NO;
				DEBUG_INFORMATION_FORMAT = dwarf;
				ENABLE_STRICT_OBJC_MSGSEND = YES;
				ENABLE_TESTABILITY = YES;
				GCC_C_LANGUAGE_STANDARD = gnu11;
				GCC_DYNAMIC_NO_PIC = NO;
				GCC_NO_COMMON_BLOCKS = YES;
				GCC_OPTIMIZATION_LEVEL = 0;
				GCC_PREPROCESSOR_DEFINITIONS = (
					"DEBUG=1",
					"$(inherited)",
				);
				GCC_WARN_64_TO_32_BIT_CONVERSION = YES;
				GCC_WARN_ABOUT_RETURN_TYPE = YES_ERROR;
				GCC_WARN_UNDECLARED_SELECTOR = YES;
				GCC_WARN_UNINITIALIZED_AUTOS = YES_AGGRESSIVE;
				GCC_WARN_UNUSED_FUNCTION = YES;
				GCC_WARN_UNUSED_VARIABLE = YES;
				IPHONEOS_DEPLOYMENT_TARGET = 11.1;
				MTL_ENABLE_DEBUG_INFO = YES;
				ONLY_ACTIVE_ARCH = YES;
				SDKROOT = iphoneos;
				SWIFT_ACTIVE_COMPILATION_CONDITIONS = DEBUG;
				SWIFT_OPTIMIZATION_LEVEL = "-Onone";
			};
			name = Debug;
		};
		DEC8C57E1FD5A00B00717919 /* Release */ = {
			isa = XCBuildConfiguration;
			buildSettings = {
				ALWAYS_SEARCH_USER_PATHS = NO;
				CLANG_ANALYZER_NONNULL = YES;
				CLANG_ANALYZER_NUMBER_OBJECT_CONVERSION = YES_AGGRESSIVE;
				CLANG_CXX_LANGUAGE_STANDARD = "gnu++14";
				CLANG_CXX_LIBRARY = "libc++";
				CLANG_ENABLE_MODULES = YES;
				CLANG_ENABLE_OBJC_ARC = YES;
				CLANG_WARN_BLOCK_CAPTURE_AUTORELEASING = YES;
				CLANG_WARN_BOOL_CONVERSION = YES;
				CLANG_WARN_COMMA = YES;
				CLANG_WARN_CONSTANT_CONVERSION = YES;
				CLANG_WARN_DIRECT_OBJC_ISA_USAGE = YES_ERROR;
				CLANG_WARN_DOCUMENTATION_COMMENTS = YES;
				CLANG_WARN_EMPTY_BODY = YES;
				CLANG_WARN_ENUM_CONVERSION = YES;
				CLANG_WARN_INFINITE_RECURSION = YES;
				CLANG_WARN_INT_CONVERSION = YES;
				CLANG_WARN_NON_LITERAL_NULL_CONVERSION = YES;
				CLANG_WARN_OBJC_LITERAL_CONVERSION = YES;
				CLANG_WARN_OBJC_ROOT_CLASS = YES_ERROR;
				CLANG_WARN_RANGE_LOOP_ANALYSIS = YES;
				CLANG_WARN_STRICT_PROTOTYPES = YES;
				CLANG_WARN_SUSPICIOUS_MOVE = YES;
				CLANG_WARN_UNGUARDED_AVAILABILITY = YES_AGGRESSIVE;
				CLANG_WARN_UNREACHABLE_CODE = YES;
				CLANG_WARN__DUPLICATE_METHOD_MATCH = YES;
				CODE_SIGN_IDENTITY = "iPhone Developer";
				COPY_PHASE_STRIP = NO;
				DEBUG_INFORMATION_FORMAT = "dwarf-with-dsym";
				ENABLE_NS_ASSERTIONS = NO;
				ENABLE_STRICT_OBJC_MSGSEND = YES;
				GCC_C_LANGUAGE_STANDARD = gnu11;
				GCC_NO_COMMON_BLOCKS = YES;
				GCC_WARN_64_TO_32_BIT_CONVERSION = YES;
				GCC_WARN_ABOUT_RETURN_TYPE = YES_ERROR;
				GCC_WARN_UNDECLARED_SELECTOR = YES;
				GCC_WARN_UNINITIALIZED_AUTOS = YES_AGGRESSIVE;
				GCC_WARN_UNUSED_FUNCTION = YES;
				GCC_WARN_UNUSED_VARIABLE = YES;
				IPHONEOS_DEPLOYMENT_TARGET = 11.1;
				MTL_ENABLE_DEBUG_INFO = NO;
				SDKROOT = iphoneos;
				SWIFT_OPTIMIZATION_LEVEL = "-Owholemodule";
				VALIDATE_PRODUCT = YES;
			};
			name = Release;
		};
		DEC8C5801FD5A00B00717919 /* Debug */ = {
			isa = XCBuildConfiguration;
			baseConfigurationReference = B917A6E56E01D3346BFC2A4B /* Pods-Mssngr.debug.xcconfig */;
			buildSettings = {
				ASSETCATALOG_COMPILER_APPICON_NAME = AppIcon;
				CODE_SIGN_STYLE = Automatic;
				DEVELOPMENT_TEAM = 29EDJQV24Y;
				INFOPLIST_FILE = Resources/Info.plist;
				LD_RUNPATH_SEARCH_PATHS = "$(inherited) @executable_path/Frameworks";
				PRODUCT_BUNDLE_IDENTIFIER = com.slavabulgakov.Mssngr;
				PRODUCT_NAME = "$(TARGET_NAME)";
				SWIFT_VERSION = 4.0;
				TARGETED_DEVICE_FAMILY = "1,2";
			};
			name = Debug;
		};
		DEC8C5811FD5A00B00717919 /* Release */ = {
			isa = XCBuildConfiguration;
			baseConfigurationReference = F6771E0150743FAFF9C91185 /* Pods-Mssngr.release.xcconfig */;
			buildSettings = {
				ASSETCATALOG_COMPILER_APPICON_NAME = AppIcon;
				CODE_SIGN_STYLE = Automatic;
				DEVELOPMENT_TEAM = 29EDJQV24Y;
				INFOPLIST_FILE = Resources/Info.plist;
				LD_RUNPATH_SEARCH_PATHS = "$(inherited) @executable_path/Frameworks";
				PRODUCT_BUNDLE_IDENTIFIER = com.slavabulgakov.Mssngr;
				PRODUCT_NAME = "$(TARGET_NAME)";
				SWIFT_VERSION = 4.0;
				TARGETED_DEVICE_FAMILY = "1,2";
			};
			name = Release;
		};
/* End XCBuildConfiguration section */

/* Begin XCConfigurationList section */
		DEC8C5681FD5A00B00717919 /* Build configuration list for PBXProject "Mssngr" */ = {
			isa = XCConfigurationList;
			buildConfigurations = (
				DEC8C57D1FD5A00B00717919 /* Debug */,
				DEC8C57E1FD5A00B00717919 /* Release */,
			);
			defaultConfigurationIsVisible = 0;
			defaultConfigurationName = Release;
		};
		DEC8C57F1FD5A00B00717919 /* Build configuration list for PBXNativeTarget "Mssngr" */ = {
			isa = XCConfigurationList;
			buildConfigurations = (
				DEC8C5801FD5A00B00717919 /* Debug */,
				DEC8C5811FD5A00B00717919 /* Release */,
			);
			defaultConfigurationIsVisible = 0;
			defaultConfigurationName = Release;
		};
/* End XCConfigurationList section */
	};
	rootObject = DEC8C5651FD5A00B00717919 /* Project object */;
}
