// !$*UTF8*$!
{
	archiveVersion = 1;
	classes = {
	};
	objectVersion = 48;
	objects = {

/* Begin PBXBuildFile section */
		DE08D82F200F97AA0065CF95 /* LaunchScreen.storyboard in Resources */ = {isa = PBXBuildFile; fileRef = DE08D82B200F97AA0065CF95 /* LaunchScreen.storyboard */; };
		DE08D830200F97AA0065CF95 /* Main.storyboard in Resources */ = {isa = PBXBuildFile; fileRef = DE08D82D200F97AA0065CF95 /* Main.storyboard */; };
		DE08D839200F97BD0065CF95 /* Strings.swift in Sources */ = {isa = PBXBuildFile; fileRef = DE08D832200F97BD0065CF95 /* Strings.swift */; };
		DE08D83A200F97BD0065CF95 /* Localizable.strings in Resources */ = {isa = PBXBuildFile; fileRef = DE08D833200F97BD0065CF95 /* Localizable.strings */; };
		DE380C5320011D2D00E0B609 /* SignUpViewController.swift in Sources */ = {isa = PBXBuildFile; fileRef = DE380C2720011D2D00E0B609 /* SignUpViewController.swift */; };
		DE380C5420011D2D00E0B609 /* SignUpViewModel.swift in Sources */ = {isa = PBXBuildFile; fileRef = DE380C2820011D2D00E0B609 /* SignUpViewModel.swift */; };
		DE380C5520011D2D00E0B609 /* SignInViewModel.swift in Sources */ = {isa = PBXBuildFile; fileRef = DE380C2A20011D2D00E0B609 /* SignInViewModel.swift */; };
		DE380C5620011D2D00E0B609 /* SignInViewController.swift in Sources */ = {isa = PBXBuildFile; fileRef = DE380C2B20011D2D00E0B609 /* SignInViewController.swift */; };
		DE380C5720011D2D00E0B609 /* SignInCoordinator.swift in Sources */ = {isa = PBXBuildFile; fileRef = DE380C2C20011D2D00E0B609 /* SignInCoordinator.swift */; };
		DE380C5820011D2D00E0B609 /* ChatViewController.swift in Sources */ = {isa = PBXBuildFile; fileRef = DE380C2F20011D2D00E0B609 /* ChatViewController.swift */; };
		DE380C5920011D2D00E0B609 /* TimeSeparatorModel.swift in Sources */ = {isa = PBXBuildFile; fileRef = DE380C3220011D2D00E0B609 /* TimeSeparatorModel.swift */; };
		DE380C5A20011D2D00E0B609 /* TimeSeparatorPresenter.swift in Sources */ = {isa = PBXBuildFile; fileRef = DE380C3320011D2D00E0B609 /* TimeSeparatorPresenter.swift */; };
		DE380C5B20011D2D00E0B609 /* TimeSeparatorCollectionViewCell.swift in Sources */ = {isa = PBXBuildFile; fileRef = DE380C3420011D2D00E0B609 /* TimeSeparatorCollectionViewCell.swift */; };
		DE380C5C20011D2D00E0B609 /* BaseMessageHandler.swift in Sources */ = {isa = PBXBuildFile; fileRef = DE380C3520011D2D00E0B609 /* BaseMessageHandler.swift */; };
		DE380C5D20011D2D00E0B609 /* SendingStatusPresenter.swift in Sources */ = {isa = PBXBuildFile; fileRef = DE380C3720011D2D00E0B609 /* SendingStatusPresenter.swift */; };
		DE380C5E20011D2D00E0B609 /* SendingStatusCollectionViewCell.swift in Sources */ = {isa = PBXBuildFile; fileRef = DE380C3820011D2D00E0B609 /* SendingStatusCollectionViewCell.swift */; };
		DE380C5F20011D2D00E0B609 /* SendingStatusCollectionViewCell.xib in Resources */ = {isa = PBXBuildFile; fileRef = DE380C3920011D2D00E0B609 /* SendingStatusCollectionViewCell.xib */; };
		DE380C6020011D2D00E0B609 /* BaseMessageCollectionViewCellAvatarStyle.swift in Sources */ = {isa = PBXBuildFile; fileRef = DE380C3A20011D2D00E0B609 /* BaseMessageCollectionViewCellAvatarStyle.swift */; };
		DE380C6120011D2D00E0B609 /* FakeMessageFactory.swift in Sources */ = {isa = PBXBuildFile; fileRef = DE380C3B20011D2D00E0B609 /* FakeMessageFactory.swift */; };
		DE380C6220011D2D00E0B609 /* ChatItemsDemoDecorator.swift in Sources */ = {isa = PBXBuildFile; fileRef = DE380C3C20011D2D00E0B609 /* ChatItemsDemoDecorator.swift */; };
		DE380C6320011D2D00E0B609 /* DemoTextMessageModel.swift in Sources */ = {isa = PBXBuildFile; fileRef = DE380C3E20011D2D00E0B609 /* DemoTextMessageModel.swift */; };
		DE380C6420011D2D00E0B609 /* DemoTextMessageHandler.swift in Sources */ = {isa = PBXBuildFile; fileRef = DE380C3F20011D2D00E0B609 /* DemoTextMessageHandler.swift */; };
		DE380C6520011D2D00E0B609 /* DemoTextMessageViewModel.swift in Sources */ = {isa = PBXBuildFile; fileRef = DE380C4020011D2D00E0B609 /* DemoTextMessageViewModel.swift */; };
		DE380C6620011D2D00E0B609 /* SlidingDatasSource.swift in Sources */ = {isa = PBXBuildFile; fileRef = DE380C4120011D2D00E0B609 /* SlidingDatasSource.swift */; };
		DE380C6720011D2D00E0B609 /* ChatViewModel.swift in Sources */ = {isa = PBXBuildFile; fileRef = DE380C4220011D2D00E0B609 /* ChatViewModel.swift */; };
		DE380C6820011D2D00E0B609 /* AddChatCellViewModel.swift in Sources */ = {isa = PBXBuildFile; fileRef = DE380C4420011D2D00E0B609 /* AddChatCellViewModel.swift */; };
		DE380C6920011D2D00E0B609 /* AddChatViewController.swift in Sources */ = {isa = PBXBuildFile; fileRef = DE380C4520011D2D00E0B609 /* AddChatViewController.swift */; };
		DE380C6A20011D2D00E0B609 /* AddChatViewModel.swift in Sources */ = {isa = PBXBuildFile; fileRef = DE380C4620011D2D00E0B609 /* AddChatViewModel.swift */; };
		DE380C6B20011D2D00E0B609 /* ChatsViewController.swift in Sources */ = {isa = PBXBuildFile; fileRef = DE380C4820011D2D00E0B609 /* ChatsViewController.swift */; };
		DE380C6C20011D2D00E0B609 /* ChatsCellViewModel.swift in Sources */ = {isa = PBXBuildFile; fileRef = DE380C4920011D2D00E0B609 /* ChatsCellViewModel.swift */; };
		DE380C6D20011D2D00E0B609 /* ChatsViewModel.swift in Sources */ = {isa = PBXBuildFile; fileRef = DE380C4A20011D2D00E0B609 /* ChatsViewModel.swift */; };
		DE380C6E20011D2D00E0B609 /* ChatsCoordinator.swift in Sources */ = {isa = PBXBuildFile; fileRef = DE380C4B20011D2D00E0B609 /* ChatsCoordinator.swift */; };
		DE532F672014F41E004E258D /* ServiceProtocol.swift in Sources */ = {isa = PBXBuildFile; fileRef = DE532F662014F41E004E258D /* ServiceProtocol.swift */; };
		DE532F692014F442004E258D /* Service.swift in Sources */ = {isa = PBXBuildFile; fileRef = DE532F682014F442004E258D /* Service.swift */; };
		DE776A95200A3CF400AC07CE /* ChatsSectionController.swift in Sources */ = {isa = PBXBuildFile; fileRef = DE776A94200A3CF400AC07CE /* ChatsSectionController.swift */; };
		DE776A98200BBA6700AC07CE /* LabelCell.swift in Sources */ = {isa = PBXBuildFile; fileRef = DE776A97200BBA6700AC07CE /* LabelCell.swift */; };
		DE776A9A200BBA7B00AC07CE /* LabelCell.xib in Resources */ = {isa = PBXBuildFile; fileRef = DE776A99200BBA7B00AC07CE /* LabelCell.xib */; };
		DE87BCC01FF010B5005670A9 /* Models.swift in Sources */ = {isa = PBXBuildFile; fileRef = DE87BCBF1FF010B5005670A9 /* Models.swift */; };
		DED6F3D4200F57E300819764 /* KeyboardListener.swift in Sources */ = {isa = PBXBuildFile; fileRef = DED6F3D3200F57E300819764 /* KeyboardListener.swift */; };
		DEE87FD61FED0E550058D9F0 /* AppCoordinator.swift in Sources */ = {isa = PBXBuildFile; fileRef = DEE87FCE1FED0E550058D9F0 /* AppCoordinator.swift */; };
		DEE87FD71FED0E550058D9F0 /* NetworkController.swift in Sources */ = {isa = PBXBuildFile; fileRef = DEE87FCF1FED0E550058D9F0 /* NetworkController.swift */; };
		DEE87FD81FED0E550058D9F0 /* AppController.swift in Sources */ = {isa = PBXBuildFile; fileRef = DEE87FD01FED0E550058D9F0 /* AppController.swift */; };
		DEE87FD91FED0E550058D9F0 /* AppDelegate.swift in Sources */ = {isa = PBXBuildFile; fileRef = DEE87FD11FED0E550058D9F0 /* AppDelegate.swift */; };
		DEE87FDA1FED0E550058D9F0 /* Coordinator.swift in Sources */ = {isa = PBXBuildFile; fileRef = DEE87FD21FED0E550058D9F0 /* Coordinator.swift */; };
		DEE87FE31FED0E6C0058D9F0 /* Assets.xcassets in Resources */ = {isa = PBXBuildFile; fileRef = DEE87FDC1FED0E6C0058D9F0 /* Assets.xcassets */; };
		DEE87FE41FED0E6C0058D9F0 /* GoogleService-Info.plist in Resources */ = {isa = PBXBuildFile; fileRef = DEE87FDD1FED0E6C0058D9F0 /* GoogleService-Info.plist */; };
		E31058011A7B9465251EB95A /* Pods_Mssngr.framework in Frameworks */ = {isa = PBXBuildFile; fileRef = 0D96E1EE2E522DA3488CAF0F /* Pods_Mssngr.framework */; };
/* End PBXBuildFile section */

/* Begin PBXFileReference section */
		0D96E1EE2E522DA3488CAF0F /* Pods_Mssngr.framework */ = {isa = PBXFileReference; explicitFileType = wrapper.framework; includeInIndex = 0; path = Pods_Mssngr.framework; sourceTree = BUILT_PRODUCTS_DIR; };
		B917A6E56E01D3346BFC2A4B /* Pods-Mssngr.debug.xcconfig */ = {isa = PBXFileReference; includeInIndex = 1; lastKnownFileType = text.xcconfig; name = "Pods-Mssngr.debug.xcconfig"; path = "Pods/Target Support Files/Pods-Mssngr/Pods-Mssngr.debug.xcconfig"; sourceTree = "<group>"; };
		DE08D82C200F97AA0065CF95 /* Base */ = {isa = PBXFileReference; lastKnownFileType = file.storyboard; name = Base; path = Localization/Base.lproj/LaunchScreen.storyboard; sourceTree = "<group>"; };
		DE08D82E200F97AA0065CF95 /* Base */ = {isa = PBXFileReference; lastKnownFileType = file.storyboard; name = Base; path = Localization/Base.lproj/Main.storyboard; sourceTree = "<group>"; };
		DE08D832200F97BD0065CF95 /* Strings.swift */ = {isa = PBXFileReference; fileEncoding = 4; lastKnownFileType = sourcecode.swift; path = Strings.swift; sourceTree = "<group>"; };
		DE08D834200F97BD0065CF95 /* en */ = {isa = PBXFileReference; lastKnownFileType = text.plist.strings; name = en; path = en.lproj/Localizable.strings; sourceTree = "<group>"; };
		DE380C2720011D2D00E0B609 /* SignUpViewController.swift */ = {isa = PBXFileReference; fileEncoding = 4; lastKnownFileType = sourcecode.swift; path = SignUpViewController.swift; sourceTree = "<group>"; };
		DE380C2820011D2D00E0B609 /* SignUpViewModel.swift */ = {isa = PBXFileReference; fileEncoding = 4; lastKnownFileType = sourcecode.swift; path = SignUpViewModel.swift; sourceTree = "<group>"; };
		DE380C2A20011D2D00E0B609 /* SignInViewModel.swift */ = {isa = PBXFileReference; fileEncoding = 4; lastKnownFileType = sourcecode.swift; path = SignInViewModel.swift; sourceTree = "<group>"; };
		DE380C2B20011D2D00E0B609 /* SignInViewController.swift */ = {isa = PBXFileReference; fileEncoding = 4; lastKnownFileType = sourcecode.swift; path = SignInViewController.swift; sourceTree = "<group>"; };
		DE380C2C20011D2D00E0B609 /* SignInCoordinator.swift */ = {isa = PBXFileReference; fileEncoding = 4; lastKnownFileType = sourcecode.swift; path = SignInCoordinator.swift; sourceTree = "<group>"; };
		DE380C2F20011D2D00E0B609 /* ChatViewController.swift */ = {isa = PBXFileReference; fileEncoding = 4; lastKnownFileType = sourcecode.swift; path = ChatViewController.swift; sourceTree = "<group>"; };
		DE380C3220011D2D00E0B609 /* TimeSeparatorModel.swift */ = {isa = PBXFileReference; fileEncoding = 4; lastKnownFileType = sourcecode.swift; path = TimeSeparatorModel.swift; sourceTree = "<group>"; };
		DE380C3320011D2D00E0B609 /* TimeSeparatorPresenter.swift */ = {isa = PBXFileReference; fileEncoding = 4; lastKnownFileType = sourcecode.swift; path = TimeSeparatorPresenter.swift; sourceTree = "<group>"; };
		DE380C3420011D2D00E0B609 /* TimeSeparatorCollectionViewCell.swift */ = {isa = PBXFileReference; fileEncoding = 4; lastKnownFileType = sourcecode.swift; path = TimeSeparatorCollectionViewCell.swift; sourceTree = "<group>"; };
		DE380C3520011D2D00E0B609 /* BaseMessageHandler.swift */ = {isa = PBXFileReference; fileEncoding = 4; lastKnownFileType = sourcecode.swift; path = BaseMessageHandler.swift; sourceTree = "<group>"; };
		DE380C3720011D2D00E0B609 /* SendingStatusPresenter.swift */ = {isa = PBXFileReference; fileEncoding = 4; lastKnownFileType = sourcecode.swift; path = SendingStatusPresenter.swift; sourceTree = "<group>"; };
		DE380C3820011D2D00E0B609 /* SendingStatusCollectionViewCell.swift */ = {isa = PBXFileReference; fileEncoding = 4; lastKnownFileType = sourcecode.swift; path = SendingStatusCollectionViewCell.swift; sourceTree = "<group>"; };
		DE380C3920011D2D00E0B609 /* SendingStatusCollectionViewCell.xib */ = {isa = PBXFileReference; fileEncoding = 4; lastKnownFileType = file.xib; path = SendingStatusCollectionViewCell.xib; sourceTree = "<group>"; };
		DE380C3A20011D2D00E0B609 /* BaseMessageCollectionViewCellAvatarStyle.swift */ = {isa = PBXFileReference; fileEncoding = 4; lastKnownFileType = sourcecode.swift; path = BaseMessageCollectionViewCellAvatarStyle.swift; sourceTree = "<group>"; };
		DE380C3B20011D2D00E0B609 /* FakeMessageFactory.swift */ = {isa = PBXFileReference; fileEncoding = 4; lastKnownFileType = sourcecode.swift; path = FakeMessageFactory.swift; sourceTree = "<group>"; };
		DE380C3C20011D2D00E0B609 /* ChatItemsDemoDecorator.swift */ = {isa = PBXFileReference; fileEncoding = 4; lastKnownFileType = sourcecode.swift; path = ChatItemsDemoDecorator.swift; sourceTree = "<group>"; };
		DE380C3E20011D2D00E0B609 /* DemoTextMessageModel.swift */ = {isa = PBXFileReference; fileEncoding = 4; lastKnownFileType = sourcecode.swift; path = DemoTextMessageModel.swift; sourceTree = "<group>"; };
		DE380C3F20011D2D00E0B609 /* DemoTextMessageHandler.swift */ = {isa = PBXFileReference; fileEncoding = 4; lastKnownFileType = sourcecode.swift; path = DemoTextMessageHandler.swift; sourceTree = "<group>"; };
		DE380C4020011D2D00E0B609 /* DemoTextMessageViewModel.swift */ = {isa = PBXFileReference; fileEncoding = 4; lastKnownFileType = sourcecode.swift; path = DemoTextMessageViewModel.swift; sourceTree = "<group>"; };
		DE380C4120011D2D00E0B609 /* SlidingDatasSource.swift */ = {isa = PBXFileReference; fileEncoding = 4; lastKnownFileType = sourcecode.swift; path = SlidingDatasSource.swift; sourceTree = "<group>"; };
		DE380C4220011D2D00E0B609 /* ChatViewModel.swift */ = {isa = PBXFileReference; fileEncoding = 4; lastKnownFileType = sourcecode.swift; path = ChatViewModel.swift; sourceTree = "<group>"; };
		DE380C4420011D2D00E0B609 /* AddChatCellViewModel.swift */ = {isa = PBXFileReference; fileEncoding = 4; lastKnownFileType = sourcecode.swift; path = AddChatCellViewModel.swift; sourceTree = "<group>"; };
		DE380C4520011D2D00E0B609 /* AddChatViewController.swift */ = {isa = PBXFileReference; fileEncoding = 4; lastKnownFileType = sourcecode.swift; path = AddChatViewController.swift; sourceTree = "<group>"; };
		DE380C4620011D2D00E0B609 /* AddChatViewModel.swift */ = {isa = PBXFileReference; fileEncoding = 4; lastKnownFileType = sourcecode.swift; path = AddChatViewModel.swift; sourceTree = "<group>"; };
		DE380C4820011D2D00E0B609 /* ChatsViewController.swift */ = {isa = PBXFileReference; fileEncoding = 4; lastKnownFileType = sourcecode.swift; path = ChatsViewController.swift; sourceTree = "<group>"; };
		DE380C4920011D2D00E0B609 /* ChatsCellViewModel.swift */ = {isa = PBXFileReference; fileEncoding = 4; lastKnownFileType = sourcecode.swift; path = ChatsCellViewModel.swift; sourceTree = "<group>"; };
		DE380C4A20011D2D00E0B609 /* ChatsViewModel.swift */ = {isa = PBXFileReference; fileEncoding = 4; lastKnownFileType = sourcecode.swift; path = ChatsViewModel.swift; sourceTree = "<group>"; };
		DE380C4B20011D2D00E0B609 /* ChatsCoordinator.swift */ = {isa = PBXFileReference; fileEncoding = 4; lastKnownFileType = sourcecode.swift; path = ChatsCoordinator.swift; sourceTree = "<group>"; };
		DE532F662014F41E004E258D /* ServiceProtocol.swift */ = {isa = PBXFileReference; lastKnownFileType = sourcecode.swift; path = ServiceProtocol.swift; sourceTree = "<group>"; };
		DE532F682014F442004E258D /* Service.swift */ = {isa = PBXFileReference; lastKnownFileType = sourcecode.swift; path = Service.swift; sourceTree = "<group>"; };
		DE776A94200A3CF400AC07CE /* ChatsSectionController.swift */ = {isa = PBXFileReference; lastKnownFileType = sourcecode.swift; path = ChatsSectionController.swift; sourceTree = "<group>"; };
		DE776A97200BBA6700AC07CE /* LabelCell.swift */ = {isa = PBXFileReference; fileEncoding = 4; lastKnownFileType = sourcecode.swift; path = LabelCell.swift; sourceTree = "<group>"; };
		DE776A99200BBA7B00AC07CE /* LabelCell.xib */ = {isa = PBXFileReference; lastKnownFileType = file.xib; path = LabelCell.xib; sourceTree = "<group>"; };
		DE87BCBF1FF010B5005670A9 /* Models.swift */ = {isa = PBXFileReference; lastKnownFileType = sourcecode.swift; path = Models.swift; sourceTree = "<group>"; };
		DEC8C56D1FD5A00B00717919 /* Mssngr.app */ = {isa = PBXFileReference; explicitFileType = wrapper.application; includeInIndex = 0; path = Mssngr.app; sourceTree = BUILT_PRODUCTS_DIR; };
		DED6F3D3200F57E300819764 /* KeyboardListener.swift */ = {isa = PBXFileReference; lastKnownFileType = sourcecode.swift; path = KeyboardListener.swift; sourceTree = "<group>"; };
		DEE87FCE1FED0E550058D9F0 /* AppCoordinator.swift */ = {isa = PBXFileReference; fileEncoding = 4; lastKnownFileType = sourcecode.swift; path = AppCoordinator.swift; sourceTree = "<group>"; };
		DEE87FCF1FED0E550058D9F0 /* NetworkController.swift */ = {isa = PBXFileReference; fileEncoding = 4; lastKnownFileType = sourcecode.swift; path = NetworkController.swift; sourceTree = "<group>"; };
		DEE87FD01FED0E550058D9F0 /* AppController.swift */ = {isa = PBXFileReference; fileEncoding = 4; lastKnownFileType = sourcecode.swift; path = AppController.swift; sourceTree = "<group>"; };
		DEE87FD11FED0E550058D9F0 /* AppDelegate.swift */ = {isa = PBXFileReference; fileEncoding = 4; lastKnownFileType = sourcecode.swift; path = AppDelegate.swift; sourceTree = "<group>"; };
		DEE87FD21FED0E550058D9F0 /* Coordinator.swift */ = {isa = PBXFileReference; fileEncoding = 4; lastKnownFileType = sourcecode.swift; path = Coordinator.swift; sourceTree = "<group>"; };
		DEE87FDC1FED0E6C0058D9F0 /* Assets.xcassets */ = {isa = PBXFileReference; lastKnownFileType = folder.assetcatalog; path = Assets.xcassets; sourceTree = "<group>"; };
		DEE87FDD1FED0E6C0058D9F0 /* GoogleService-Info.plist */ = {isa = PBXFileReference; fileEncoding = 4; lastKnownFileType = text.plist.xml; path = "GoogleService-Info.plist"; sourceTree = "<group>"; };
		DEE87FE21FED0E6C0058D9F0 /* Info.plist */ = {isa = PBXFileReference; fileEncoding = 4; lastKnownFileType = text.plist.xml; path = Info.plist; sourceTree = "<group>"; };
		F6771E0150743FAFF9C91185 /* Pods-Mssngr.release.xcconfig */ = {isa = PBXFileReference; includeInIndex = 1; lastKnownFileType = text.xcconfig; name = "Pods-Mssngr.release.xcconfig"; path = "Pods/Target Support Files/Pods-Mssngr/Pods-Mssngr.release.xcconfig"; sourceTree = "<group>"; };
/* End PBXFileReference section */

/* Begin PBXFrameworksBuildPhase section */
		DEC8C56A1FD5A00B00717919 /* Frameworks */ = {
			isa = PBXFrameworksBuildPhase;
			buildActionMask = 2147483647;
			files = (
				E31058011A7B9465251EB95A /* Pods_Mssngr.framework in Frameworks */,
			);
			runOnlyForDeploymentPostprocessing = 0;
		};
/* End PBXFrameworksBuildPhase section */

/* Begin PBXGroup section */
		2808D9565EA86D76344D366F /* Frameworks */ = {
			isa = PBXGroup;
			children = (
				0D96E1EE2E522DA3488CAF0F /* Pods_Mssngr.framework */,
			);
			name = Frameworks;
			sourceTree = "<group>";
		};
		CDA693655B5CEA3DE9F5846F /* Pods */ = {
			isa = PBXGroup;
			children = (
				B917A6E56E01D3346BFC2A4B /* Pods-Mssngr.debug.xcconfig */,
				F6771E0150743FAFF9C91185 /* Pods-Mssngr.release.xcconfig */,
			);
			name = Pods;
			sourceTree = "<group>";
		};
		DE08D831200F97BD0065CF95 /* Localization */ = {
			isa = PBXGroup;
			children = (
				DE08D832200F97BD0065CF95 /* Strings.swift */,
				DE08D833200F97BD0065CF95 /* Localizable.strings */,
			);
			path = Localization;
			sourceTree = "<group>";
		};
		DE380C2520011D2D00E0B609 /* SignInFlow */ = {
			isa = PBXGroup;
			children = (
				DE380C2620011D2D00E0B609 /* SignUp */,
				DE380C2920011D2D00E0B609 /* SignIn */,
				DE380C2C20011D2D00E0B609 /* SignInCoordinator.swift */,
			);
			path = SignInFlow;
			sourceTree = "<group>";
		};
		DE380C2620011D2D00E0B609 /* SignUp */ = {
			isa = PBXGroup;
			children = (
				DE380C2720011D2D00E0B609 /* SignUpViewController.swift */,
				DE380C2820011D2D00E0B609 /* SignUpViewModel.swift */,
			);
			path = SignUp;
			sourceTree = "<group>";
		};
		DE380C2920011D2D00E0B609 /* SignIn */ = {
			isa = PBXGroup;
			children = (
				DE380C2A20011D2D00E0B609 /* SignInViewModel.swift */,
				DE380C2B20011D2D00E0B609 /* SignInViewController.swift */,
			);
			path = SignIn;
			sourceTree = "<group>";
		};
		DE380C2D20011D2D00E0B609 /* ChatsFlow */ = {
			isa = PBXGroup;
			children = (
				DE380C2E20011D2D00E0B609 /* Chat */,
				DE380C4320011D2D00E0B609 /* AddChat */,
				DE380C4720011D2D00E0B609 /* Chats */,
				DE380C4B20011D2D00E0B609 /* ChatsCoordinator.swift */,
			);
			path = ChatsFlow;
			sourceTree = "<group>";
		};
		DE380C2E20011D2D00E0B609 /* Chat */ = {
			isa = PBXGroup;
			children = (
				DE380C2F20011D2D00E0B609 /* ChatViewController.swift */,
				DE380C3020011D2D00E0B609 /* ChatInterface */,
				DE380C4220011D2D00E0B609 /* ChatViewModel.swift */,
			);
			path = Chat;
			sourceTree = "<group>";
		};
		DE380C3020011D2D00E0B609 /* ChatInterface */ = {
			isa = PBXGroup;
			children = (
				DE380C3120011D2D00E0B609 /* Time Separator */,
				DE380C3520011D2D00E0B609 /* BaseMessageHandler.swift */,
				DE380C3620011D2D00E0B609 /* Sending status */,
				DE380C3A20011D2D00E0B609 /* BaseMessageCollectionViewCellAvatarStyle.swift */,
				DE380C3B20011D2D00E0B609 /* FakeMessageFactory.swift */,
				DE380C3C20011D2D00E0B609 /* ChatItemsDemoDecorator.swift */,
				DE380C3D20011D2D00E0B609 /* Text Messages */,
				DE380C4120011D2D00E0B609 /* SlidingDatasSource.swift */,
			);
			path = ChatInterface;
			sourceTree = "<group>";
		};
		DE380C3120011D2D00E0B609 /* Time Separator */ = {
			isa = PBXGroup;
			children = (
				DE380C3220011D2D00E0B609 /* TimeSeparatorModel.swift */,
				DE380C3320011D2D00E0B609 /* TimeSeparatorPresenter.swift */,
				DE380C3420011D2D00E0B609 /* TimeSeparatorCollectionViewCell.swift */,
			);
			path = "Time Separator";
			sourceTree = "<group>";
		};
		DE380C3620011D2D00E0B609 /* Sending status */ = {
			isa = PBXGroup;
			children = (
				DE380C3720011D2D00E0B609 /* SendingStatusPresenter.swift */,
				DE380C3820011D2D00E0B609 /* SendingStatusCollectionViewCell.swift */,
				DE380C3920011D2D00E0B609 /* SendingStatusCollectionViewCell.xib */,
			);
			path = "Sending status";
			sourceTree = "<group>";
		};
		DE380C3D20011D2D00E0B609 /* Text Messages */ = {
			isa = PBXGroup;
			children = (
				DE380C3E20011D2D00E0B609 /* DemoTextMessageModel.swift */,
				DE380C3F20011D2D00E0B609 /* DemoTextMessageHandler.swift */,
				DE380C4020011D2D00E0B609 /* DemoTextMessageViewModel.swift */,
			);
			path = "Text Messages";
			sourceTree = "<group>";
		};
		DE380C4320011D2D00E0B609 /* AddChat */ = {
			isa = PBXGroup;
			children = (
				DE380C4420011D2D00E0B609 /* AddChatCellViewModel.swift */,
				DE380C4520011D2D00E0B609 /* AddChatViewController.swift */,
				DE380C4620011D2D00E0B609 /* AddChatViewModel.swift */,
			);
			path = AddChat;
			sourceTree = "<group>";
		};
		DE380C4720011D2D00E0B609 /* Chats */ = {
			isa = PBXGroup;
			children = (
				DE380C4820011D2D00E0B609 /* ChatsViewController.swift */,
				DE380C4920011D2D00E0B609 /* ChatsCellViewModel.swift */,
				DE380C4A20011D2D00E0B609 /* ChatsViewModel.swift */,
				DE776A94200A3CF400AC07CE /* ChatsSectionController.swift */,
			);
			path = Chats;
			sourceTree = "<group>";
		};
		DE532F6C2014F4C2004E258D /* Network */ = {
			isa = PBXGroup;
			children = (
				DEE87FCF1FED0E550058D9F0 /* NetworkController.swift */,
				DE532F662014F41E004E258D /* ServiceProtocol.swift */,
				DE532F682014F442004E258D /* Service.swift */,
			);
			path = Network;
			sourceTree = "<group>";
		};
		DE776A96200BBA6700AC07CE /* LabelCell */ = {
			isa = PBXGroup;
			children = (
				DE776A97200BBA6700AC07CE /* LabelCell.swift */,
				DE776A99200BBA7B00AC07CE /* LabelCell.xib */,
			);
			path = LabelCell;
			sourceTree = "<group>";
		};
		DEC8C5641FD5A00B00717919 = {
			isa = PBXGroup;
			children = (
				DEE87FC81FED0E550058D9F0 /* Code */,
				DEE87FDB1FED0E6C0058D9F0 /* Resources */,
				DEC8C56E1FD5A00B00717919 /* Products */,
				CDA693655B5CEA3DE9F5846F /* Pods */,
				2808D9565EA86D76344D366F /* Frameworks */,
			);
			sourceTree = "<group>";
		};
		DEC8C56E1FD5A00B00717919 /* Products */ = {
			isa = PBXGroup;
			children = (
				DEC8C56D1FD5A00B00717919 /* Mssngr.app */,
			);
			name = Products;
			sourceTree = "<group>";
		};
		DEE87FC81FED0E550058D9F0 /* Code */ = {
			isa = PBXGroup;
			children = (
				DE532F6C2014F4C2004E258D /* Network */,
				DE776A96200BBA6700AC07CE /* LabelCell */,
				DE380C2D20011D2D00E0B609 /* ChatsFlow */,
				DE380C2520011D2D00E0B609 /* SignInFlow */,
				DEE87FCD1FED0E550058D9F0 /* Main */,
				DED6F3D3200F57E300819764 /* KeyboardListener.swift */,
			);
			path = Code;
			sourceTree = "<group>";
		};
		DEE87FCD1FED0E550058D9F0 /* Main */ = {
			isa = PBXGroup;
			children = (
				DEE87FCE1FED0E550058D9F0 /* AppCoordinator.swift */,
				DEE87FD01FED0E550058D9F0 /* AppController.swift */,
				DEE87FD11FED0E550058D9F0 /* AppDelegate.swift */,
				DEE87FD21FED0E550058D9F0 /* Coordinator.swift */,
				DE87BCBF1FF010B5005670A9 /* Models.swift */,
			);
			path = Main;
			sourceTree = "<group>";
		};
		DEE87FDB1FED0E6C0058D9F0 /* Resources */ = {
			isa = PBXGroup;
			children = (
				DE08D831200F97BD0065CF95 /* Localization */,
				DE08D82B200F97AA0065CF95 /* LaunchScreen.storyboard */,
				DE08D82D200F97AA0065CF95 /* Main.storyboard */,
				DEE87FDC1FED0E6C0058D9F0 /* Assets.xcassets */,
				DEE87FDD1FED0E6C0058D9F0 /* GoogleService-Info.plist */,
				DEE87FE21FED0E6C0058D9F0 /* Info.plist */,
			);
			path = Resources;
			sourceTree = "<group>";
		};
/* End PBXGroup section */

/* Begin PBXNativeTarget section */
		DEC8C56C1FD5A00B00717919 /* Mssngr */ = {
			isa = PBXNativeTarget;
			buildConfigurationList = DEC8C57F1FD5A00B00717919 /* Build configuration list for PBXNativeTarget "Mssngr" */;
			buildPhases = (
				53C07D2535A24EC119DAF3F1 /* [CP] Check Pods Manifest.lock */,
				DEC8C5691FD5A00B00717919 /* Sources */,
				DEC8C56A1FD5A00B00717919 /* Frameworks */,
				DEC8C56B1FD5A00B00717919 /* Resources */,
				554909D1C834262C43E49928 /* [CP] Embed Pods Frameworks */,
				4E48E0C0C4B19ED5560351C4 /* [CP] Copy Pods Resources */,
				DE08D82A200F96730065CF95 /* SwiftGen script */,
			);
			buildRules = (
			);
			dependencies = (
			);
			name = Mssngr;
			productName = Mssngr;
			productReference = DEC8C56D1FD5A00B00717919 /* Mssngr.app */;
			productType = "com.apple.product-type.application";
		};
/* End PBXNativeTarget section */

/* Begin PBXProject section */
		DEC8C5651FD5A00B00717919 /* Project object */ = {
			isa = PBXProject;
			attributes = {
				LastSwiftUpdateCheck = 0910;
				LastUpgradeCheck = 0910;
				ORGANIZATIONNAME = "Slava Bulgakov";
				TargetAttributes = {
					DEC8C56C1FD5A00B00717919 = {
						CreatedOnToolsVersion = 9.1;
						LastSwiftMigration = 0920;
						ProvisioningStyle = Automatic;
					};
				};
			};
			buildConfigurationList = DEC8C5681FD5A00B00717919 /* Build configuration list for PBXProject "Mssngr" */;
			compatibilityVersion = "Xcode 8.0";
			developmentRegion = en;
			hasScannedForEncodings = 0;
			knownRegions = (
				en,
				Base,
			);
			mainGroup = DEC8C5641FD5A00B00717919;
			productRefGroup = DEC8C56E1FD5A00B00717919 /* Products */;
			projectDirPath = "";
			projectRoot = "";
			targets = (
				DEC8C56C1FD5A00B00717919 /* Mssngr */,
			);
		};
/* End PBXProject section */

/* Begin PBXResourcesBuildPhase section */
		DEC8C56B1FD5A00B00717919 /* Resources */ = {
			isa = PBXResourcesBuildPhase;
			buildActionMask = 2147483647;
			files = (
				DE776A9A200BBA7B00AC07CE /* LabelCell.xib in Resources */,
				DE380C5F20011D2D00E0B609 /* SendingStatusCollectionViewCell.xib in Resources */,
				DEE87FE31FED0E6C0058D9F0 /* Assets.xcassets in Resources */,
				DE08D83A200F97BD0065CF95 /* Localizable.strings in Resources */,
				DE08D830200F97AA0065CF95 /* Main.storyboard in Resources */,
				DE08D82F200F97AA0065CF95 /* LaunchScreen.storyboard in Resources */,
				DEE87FE41FED0E6C0058D9F0 /* GoogleService-Info.plist in Resources */,
			);
			runOnlyForDeploymentPostprocessing = 0;
		};
/* End PBXResourcesBuildPhase section */

/* Begin PBXShellScriptBuildPhase section */
		4E48E0C0C4B19ED5560351C4 /* [CP] Copy Pods Resources */ = {
			isa = PBXShellScriptBuildPhase;
			buildActionMask = 2147483647;
			files = (
			);
			inputPaths = (
			);
			name = "[CP] Copy Pods Resources";
			outputPaths = (
			);
			runOnlyForDeploymentPostprocessing = 0;
			shellPath = /bin/sh;
			shellScript = "\"${SRCROOT}/Pods/Target Support Files/Pods-Mssngr/Pods-Mssngr-resources.sh\"\n";
			showEnvVarsInLog = 0;
		};
		53C07D2535A24EC119DAF3F1 /* [CP] Check Pods Manifest.lock */ = {
			isa = PBXShellScriptBuildPhase;
			buildActionMask = 2147483647;
			files = (
			);
			inputPaths = (
				"${PODS_PODFILE_DIR_PATH}/Podfile.lock",
				"${PODS_ROOT}/Manifest.lock",
			);
			name = "[CP] Check Pods Manifest.lock";
			outputPaths = (
				"$(DERIVED_FILE_DIR)/Pods-Mssngr-checkManifestLockResult.txt",
			);
			runOnlyForDeploymentPostprocessing = 0;
			shellPath = /bin/sh;
			shellScript = "diff \"${PODS_PODFILE_DIR_PATH}/Podfile.lock\" \"${PODS_ROOT}/Manifest.lock\" > /dev/null\nif [ $? != 0 ] ; then\n    # print error to STDERR\n    echo \"error: The sandbox is not in sync with the Podfile.lock. Run 'pod install' or update your CocoaPods installation.\" >&2\n    exit 1\nfi\n# This output is used by Xcode 'outputs' to avoid re-running this script phase.\necho \"SUCCESS\" > \"${SCRIPT_OUTPUT_FILE_0}\"\n";
			showEnvVarsInLog = 0;
		};
		554909D1C834262C43E49928 /* [CP] Embed Pods Frameworks */ = {
			isa = PBXShellScriptBuildPhase;
			buildActionMask = 2147483647;
			files = (
			);
			inputPaths = (
				"${SRCROOT}/Pods/Target Support Files/Pods-Mssngr/Pods-Mssngr-frameworks.sh",
				"${BUILT_PRODUCTS_DIR}/Chatto/Chatto.framework",
				"${BUILT_PRODUCTS_DIR}/ChattoAdditions/ChattoAdditions.framework",
				"${BUILT_PRODUCTS_DIR}/CocoaLumberjack/CocoaLumberjack.framework",
				"${BUILT_PRODUCTS_DIR}/GTMSessionFetcher/GTMSessionFetcher.framework",
				"${BUILT_PRODUCTS_DIR}/GoogleToolboxForMac/GoogleToolboxForMac.framework",
				"${BUILT_PRODUCTS_DIR}/IGListKit/IGListKit.framework",
				"${BUILT_PRODUCTS_DIR}/ObjectMapper/ObjectMapper.framework",
				"${BUILT_PRODUCTS_DIR}/ReactiveCocoa/ReactiveCocoa.framework",
				"${BUILT_PRODUCTS_DIR}/ReactiveSwift/ReactiveSwift.framework",
				"${BUILT_PRODUCTS_DIR}/Result/Result.framework",
				"${BUILT_PRODUCTS_DIR}/leveldb-library/leveldb.framework",
				"${BUILT_PRODUCTS_DIR}/nanopb/nanopb.framework",
			);
			name = "[CP] Embed Pods Frameworks";
			outputPaths = (
				"${TARGET_BUILD_DIR}/${FRAMEWORKS_FOLDER_PATH}/Chatto.framework",
				"${TARGET_BUILD_DIR}/${FRAMEWORKS_FOLDER_PATH}/ChattoAdditions.framework",
				"${TARGET_BUILD_DIR}/${FRAMEWORKS_FOLDER_PATH}/CocoaLumberjack.framework",
				"${TARGET_BUILD_DIR}/${FRAMEWORKS_FOLDER_PATH}/GTMSessionFetcher.framework",
				"${TARGET_BUILD_DIR}/${FRAMEWORKS_FOLDER_PATH}/GoogleToolboxForMac.framework",
				"${TARGET_BUILD_DIR}/${FRAMEWORKS_FOLDER_PATH}/IGListKit.framework",
				"${TARGET_BUILD_DIR}/${FRAMEWORKS_FOLDER_PATH}/ObjectMapper.framework",
				"${TARGET_BUILD_DIR}/${FRAMEWORKS_FOLDER_PATH}/ReactiveCocoa.framework",
				"${TARGET_BUILD_DIR}/${FRAMEWORKS_FOLDER_PATH}/ReactiveSwift.framework",
				"${TARGET_BUILD_DIR}/${FRAMEWORKS_FOLDER_PATH}/Result.framework",
				"${TARGET_BUILD_DIR}/${FRAMEWORKS_FOLDER_PATH}/leveldb.framework",
				"${TARGET_BUILD_DIR}/${FRAMEWORKS_FOLDER_PATH}/nanopb.framework",
			);
			runOnlyForDeploymentPostprocessing = 0;
			shellPath = /bin/sh;
			shellScript = "\"${SRCROOT}/Pods/Target Support Files/Pods-Mssngr/Pods-Mssngr-frameworks.sh\"\n";
			showEnvVarsInLog = 0;
		};
		DE08D82A200F96730065CF95 /* SwiftGen script */ = {
			isa = PBXShellScriptBuildPhase;
			buildActionMask = 2147483647;
			files = (
			);
			inputPaths = (
			);
			name = "SwiftGen script";
			outputPaths = (
			);
			runOnlyForDeploymentPostprocessing = 0;
			shellPath = /bin/sh;
			shellScript = "$PODS_ROOT/SwiftGen/bin/swiftgen strings -t structured-swift4 -o ${SRCROOT}/Resources/Localization/Strings.swift ${SRCROOT}/Resources/Localization/en.lproj/Localizable.strings";
		};
/* End PBXShellScriptBuildPhase section */

/* Begin PBXSourcesBuildPhase section */
		DEC8C5691FD5A00B00717919 /* Sources */ = {
			isa = PBXSourcesBuildPhase;
			buildActionMask = 2147483647;
			files = (
				DE08D839200F97BD0065CF95 /* Strings.swift in Sources */,
				DE380C6E20011D2D00E0B609 /* ChatsCoordinator.swift in Sources */,
				DE380C6720011D2D00E0B609 /* ChatViewModel.swift in Sources */,
				DEE87FDA1FED0E550058D9F0 /* Coordinator.swift in Sources */,
				DE380C5C20011D2D00E0B609 /* BaseMessageHandler.swift in Sources */,
				DED6F3D4200F57E300819764 /* KeyboardListener.swift in Sources */,
				DE776A95200A3CF400AC07CE /* ChatsSectionController.swift in Sources */,
				DE380C5320011D2D00E0B609 /* SignUpViewController.swift in Sources */,
				DE380C5420011D2D00E0B609 /* SignUpViewModel.swift in Sources */,
				DE380C6A20011D2D00E0B609 /* AddChatViewModel.swift in Sources */,
				DEE87FD71FED0E550058D9F0 /* NetworkController.swift in Sources */,
				DEE87FD61FED0E550058D9F0 /* AppCoordinator.swift in Sources */,
				DE380C5520011D2D00E0B609 /* SignInViewModel.swift in Sources */,
				DE380C6C20011D2D00E0B609 /* ChatsCellViewModel.swift in Sources */,
				DE532F692014F442004E258D /* Service.swift in Sources */,
				DEE87FD91FED0E550058D9F0 /* AppDelegate.swift in Sources */,
				DE380C5720011D2D00E0B609 /* SignInCoordinator.swift in Sources */,
				DE380C5D20011D2D00E0B609 /* SendingStatusPresenter.swift in Sources */,
				DE380C6220011D2D00E0B609 /* ChatItemsDemoDecorator.swift in Sources */,
				DE380C6D20011D2D00E0B609 /* ChatsViewModel.swift in Sources */,
				DEE87FD81FED0E550058D9F0 /* AppController.swift in Sources */,
				DE380C6520011D2D00E0B609 /* DemoTextMessageViewModel.swift in Sources */,
				DE532F672014F41E004E258D /* ServiceProtocol.swift in Sources */,
				DE380C6820011D2D00E0B609 /* AddChatCellViewModel.swift in Sources */,
				DE380C5E20011D2D00E0B609 /* SendingStatusCollectionViewCell.swift in Sources */,
				DE380C5620011D2D00E0B609 /* SignInViewController.swift in Sources */,
				DE380C5820011D2D00E0B609 /* ChatViewController.swift in Sources */,
				DE776A98200BBA6700AC07CE /* LabelCell.swift in Sources */,
				DE380C5B20011D2D00E0B609 /* TimeSeparatorCollectionViewCell.swift in Sources */,
				DE380C6120011D2D00E0B609 /* FakeMessageFactory.swift in Sources */,
				DE380C6020011D2D00E0B609 /* BaseMessageCollectionViewCellAvatarStyle.swift in Sources */,
				DE380C6B20011D2D00E0B609 /* ChatsViewController.swift in Sources */,
				DE380C5A20011D2D00E0B609 /* TimeSeparatorPresenter.swift in Sources */,
				DE380C6320011D2D00E0B609 /* DemoTextMessageModel.swift in Sources */,
				DE87BCC01FF010B5005670A9 /* Models.swift in Sources */,
				DE380C6620011D2D00E0B609 /* SlidingDatasSource.swift in Sources */,
				DE380C6420011D2D00E0B609 /* DemoTextMessageHandler.swift in Sources */,
				DE380C6920011D2D00E0B609 /* AddChatViewController.swift in Sources */,
				DE380C5920011D2D00E0B609 /* TimeSeparatorModel.swift in Sources */,
			);
			runOnlyForDeploymentPostprocessing = 0;
		};
/* End PBXSourcesBuildPhase section */

/* Begin PBXVariantGroup section */
		DE08D82B200F97AA0065CF95 /* LaunchScreen.storyboard */ = {
			isa = PBXVariantGroup;
			children = (
				DE08D82C200F97AA0065CF95 /* Base */,
			);
			name = LaunchScreen.storyboard;
			sourceTree = "<group>";
		};
		DE08D82D200F97AA0065CF95 /* Main.storyboard */ = {
			isa = PBXVariantGroup;
			children = (
				DE08D82E200F97AA0065CF95 /* Base */,
			);
			name = Main.storyboard;
			sourceTree = "<group>";
		};
		DE08D833200F97BD0065CF95 /* Localizable.strings */ = {
			isa = PBXVariantGroup;
			children = (
				DE08D834200F97BD0065CF95 /* en */,
			);
			name = Localizable.strings;
			sourceTree = "<group>";
		};
/* End PBXVariantGroup section */

/* Begin XCBuildConfiguration section */
		DEC8C57D1FD5A00B00717919 /* Debug */ = {
			isa = XCBuildConfiguration;
			buildSettings = {
				ALWAYS_SEARCH_USER_PATHS = NO;
				CLANG_ANALYZER_NONNULL = YES;
				CLANG_ANALYZER_NUMBER_OBJECT_CONVERSION = YES_AGGRESSIVE;
				CLANG_CXX_LANGUAGE_STANDARD = "gnu++14";
				CLANG_CXX_LIBRARY = "libc++";
				CLANG_ENABLE_MODULES = YES;
				CLANG_ENABLE_OBJC_ARC = YES;
				CLANG_WARN_BLOCK_CAPTURE_AUTORELEASING = YES;
				CLANG_WARN_BOOL_CONVERSION = YES;
				CLANG_WARN_COMMA = YES;
				CLANG_WARN_CONSTANT_CONVERSION = YES;
				CLANG_WARN_DIRECT_OBJC_ISA_USAGE = YES_ERROR;
				CLANG_WARN_DOCUMENTATION_COMMENTS = YES;
				CLANG_WARN_EMPTY_BODY = YES;
				CLANG_WARN_ENUM_CONVERSION = YES;
				CLANG_WARN_INFINITE_RECURSION = YES;
				CLANG_WARN_INT_CONVERSION = YES;
				CLANG_WARN_NON_LITERAL_NULL_CONVERSION = YES;
				CLANG_WARN_OBJC_LITERAL_CONVERSION = YES;
				CLANG_WARN_OBJC_ROOT_CLASS = YES_ERROR;
				CLANG_WARN_RANGE_LOOP_ANALYSIS = YES;
				CLANG_WARN_STRICT_PROTOTYPES = YES;
				CLANG_WARN_SUSPICIOUS_MOVE = YES;
				CLANG_WARN_UNGUARDED_AVAILABILITY = YES_AGGRESSIVE;
				CLANG_WARN_UNREACHABLE_CODE = YES;
				CLANG_WARN__DUPLICATE_METHOD_MATCH = YES;
				CODE_SIGN_IDENTITY = "iPhone Developer";
				COPY_PHASE_STRIP = NO;
				DEBUG_INFORMATION_FORMAT = dwarf;
				ENABLE_STRICT_OBJC_MSGSEND = YES;
				ENABLE_TESTABILITY = YES;
				GCC_C_LANGUAGE_STANDARD = gnu11;
				GCC_DYNAMIC_NO_PIC = NO;
				GCC_NO_COMMON_BLOCKS = YES;
				GCC_OPTIMIZATION_LEVEL = 0;
				GCC_PREPROCESSOR_DEFINITIONS = (
					"DEBUG=1",
					"$(inherited)",
				);
				GCC_WARN_64_TO_32_BIT_CONVERSION = YES;
				GCC_WARN_ABOUT_RETURN_TYPE = YES_ERROR;
				GCC_WARN_UNDECLARED_SELECTOR = YES;
				GCC_WARN_UNINITIALIZED_AUTOS = YES_AGGRESSIVE;
				GCC_WARN_UNUSED_FUNCTION = YES;
				GCC_WARN_UNUSED_VARIABLE = YES;
				IPHONEOS_DEPLOYMENT_TARGET = 11.1;
				MTL_ENABLE_DEBUG_INFO = YES;
				ONLY_ACTIVE_ARCH = YES;
				SDKROOT = iphoneos;
				SWIFT_ACTIVE_COMPILATION_CONDITIONS = DEBUG;
				SWIFT_OPTIMIZATION_LEVEL = "-Onone";
			};
			name = Debug;
		};
		DEC8C57E1FD5A00B00717919 /* Release */ = {
			isa = XCBuildConfiguration;
			buildSettings = {
				ALWAYS_SEARCH_USER_PATHS = NO;
				CLANG_ANALYZER_NONNULL = YES;
				CLANG_ANALYZER_NUMBER_OBJECT_CONVERSION = YES_AGGRESSIVE;
				CLANG_CXX_LANGUAGE_STANDARD = "gnu++14";
				CLANG_CXX_LIBRARY = "libc++";
				CLANG_ENABLE_MODULES = YES;
				CLANG_ENABLE_OBJC_ARC = YES;
				CLANG_WARN_BLOCK_CAPTURE_AUTORELEASING = YES;
				CLANG_WARN_BOOL_CONVERSION = YES;
				CLANG_WARN_COMMA = YES;
				CLANG_WARN_CONSTANT_CONVERSION = YES;
				CLANG_WARN_DIRECT_OBJC_ISA_USAGE = YES_ERROR;
				CLANG_WARN_DOCUMENTATION_COMMENTS = YES;
				CLANG_WARN_EMPTY_BODY = YES;
				CLANG_WARN_ENUM_CONVERSION = YES;
				CLANG_WARN_INFINITE_RECURSION = YES;
				CLANG_WARN_INT_CONVERSION = YES;
				CLANG_WARN_NON_LITERAL_NULL_CONVERSION = YES;
				CLANG_WARN_OBJC_LITERAL_CONVERSION = YES;
				CLANG_WARN_OBJC_ROOT_CLASS = YES_ERROR;
				CLANG_WARN_RANGE_LOOP_ANALYSIS = YES;
				CLANG_WARN_STRICT_PROTOTYPES = YES;
				CLANG_WARN_SUSPICIOUS_MOVE = YES;
				CLANG_WARN_UNGUARDED_AVAILABILITY = YES_AGGRESSIVE;
				CLANG_WARN_UNREACHABLE_CODE = YES;
				CLANG_WARN__DUPLICATE_METHOD_MATCH = YES;
				CODE_SIGN_IDENTITY = "iPhone Developer";
				COPY_PHASE_STRIP = NO;
				DEBUG_INFORMATION_FORMAT = "dwarf-with-dsym";
				ENABLE_NS_ASSERTIONS = NO;
				ENABLE_STRICT_OBJC_MSGSEND = YES;
				GCC_C_LANGUAGE_STANDARD = gnu11;
				GCC_NO_COMMON_BLOCKS = YES;
				GCC_WARN_64_TO_32_BIT_CONVERSION = YES;
				GCC_WARN_ABOUT_RETURN_TYPE = YES_ERROR;
				GCC_WARN_UNDECLARED_SELECTOR = YES;
				GCC_WARN_UNINITIALIZED_AUTOS = YES_AGGRESSIVE;
				GCC_WARN_UNUSED_FUNCTION = YES;
				GCC_WARN_UNUSED_VARIABLE = YES;
				IPHONEOS_DEPLOYMENT_TARGET = 11.1;
				MTL_ENABLE_DEBUG_INFO = NO;
				SDKROOT = iphoneos;
				SWIFT_OPTIMIZATION_LEVEL = "-Owholemodule";
				VALIDATE_PRODUCT = YES;
			};
			name = Release;
		};
		DEC8C5801FD5A00B00717919 /* Debug */ = {
			isa = XCBuildConfiguration;
			baseConfigurationReference = B917A6E56E01D3346BFC2A4B /* Pods-Mssngr.debug.xcconfig */;
			buildSettings = {
				ASSETCATALOG_COMPILER_APPICON_NAME = AppIcon;
				CODE_SIGN_STYLE = Automatic;
				DEVELOPMENT_TEAM = 29EDJQV24Y;
				INFOPLIST_FILE = Resources/Info.plist;
				LD_RUNPATH_SEARCH_PATHS = "$(inherited) @executable_path/Frameworks";
				PRODUCT_BUNDLE_IDENTIFIER = com.slavabulgakov.Mssngr;
				PRODUCT_NAME = "$(TARGET_NAME)";
				SWIFT_VERSION = 4.0;
				TARGETED_DEVICE_FAMILY = "1,2";
			};
			name = Debug;
		};
		DEC8C5811FD5A00B00717919 /* Release */ = {
			isa = XCBuildConfiguration;
			baseConfigurationReference = F6771E0150743FAFF9C91185 /* Pods-Mssngr.release.xcconfig */;
			buildSettings = {
				ASSETCATALOG_COMPILER_APPICON_NAME = AppIcon;
				CODE_SIGN_STYLE = Automatic;
				DEVELOPMENT_TEAM = 29EDJQV24Y;
				INFOPLIST_FILE = Resources/Info.plist;
				LD_RUNPATH_SEARCH_PATHS = "$(inherited) @executable_path/Frameworks";
				PRODUCT_BUNDLE_IDENTIFIER = com.slavabulgakov.Mssngr;
				PRODUCT_NAME = "$(TARGET_NAME)";
				SWIFT_VERSION = 4.0;
				TARGETED_DEVICE_FAMILY = "1,2";
			};
			name = Release;
		};
/* End XCBuildConfiguration section */

/* Begin XCConfigurationList section */
		DEC8C5681FD5A00B00717919 /* Build configuration list for PBXProject "Mssngr" */ = {
			isa = XCConfigurationList;
			buildConfigurations = (
				DEC8C57D1FD5A00B00717919 /* Debug */,
				DEC8C57E1FD5A00B00717919 /* Release */,
			);
			defaultConfigurationIsVisible = 0;
			defaultConfigurationName = Release;
		};
		DEC8C57F1FD5A00B00717919 /* Build configuration list for PBXNativeTarget "Mssngr" */ = {
			isa = XCConfigurationList;
			buildConfigurations = (
				DEC8C5801FD5A00B00717919 /* Debug */,
				DEC8C5811FD5A00B00717919 /* Release */,
			);
			defaultConfigurationIsVisible = 0;
			defaultConfigurationName = Release;
		};
/* End XCConfigurationList section */
	};
	rootObject = DEC8C5651FD5A00B00717919 /* Project object */;
}
